
Microsoft Visual Studio Solution File, Format Version 12.00
# Visual Studio Version 17
VisualStudioVersion = 17.0.31903.59
MinimumVisualStudioVersion = 10.0.40219.1
Project("{FAE04EC0-301F-11D3-BF4B-00C04F79EFBC}") = "Honua.Server", "src\Honua.Server\Honua.Server.csproj", "{A1B2C3D4-E5F6-7890-ABCD-EF1234567890}"
EndProject
Project("{FAE04EC0-301F-11D3-BF4B-00C04F79EFBC}") = "Honua.Postgres", "src\Honua.Postgres\Honua.Postgres.csproj", "{C3D4E5F6-A7B8-9012-CDEF-123456789012}"
EndProject
Project("{FAE04EC0-301F-11D3-BF4B-00C04F79EFBC}") = "Honua.Postgres.Shared", "src\Honua.Postgres.Shared\Honua.Postgres.Shared.csproj", "{8F2A1B6C-7D3E-4F50-9C61-A8E2B4D5F671}"
EndProject
Project("{FAE04EC0-301F-11D3-BF4B-00C04F79EFBC}") = "Honua.AppHost", "src\Honua.AppHost\Honua.AppHost.csproj", "{D4E5F6A7-B8C9-0123-DEF0-345678901234}"
EndProject
Project("{FAE04EC0-301F-11D3-BF4B-00C04F79EFBC}") = "Honua.ServiceDefaults", "src\Honua.ServiceDefaults\Honua.ServiceDefaults.csproj", "{E5F6A7B8-C9D0-1234-EF01-456789012345}"
EndProject
Project("{FAE04EC0-301F-11D3-BF4B-00C04F79EFBC}") = "Honua.TestKit", "tests\dotnet\Honua.TestKit\Honua.TestKit.csproj", "{D4E5F6A7-B8C9-0123-DEF0-234567890123}"
EndProject
Project("{FAE04EC0-301F-11D3-BF4B-00C04F79EFBC}") = "Honua.Server.Tests", "tests\dotnet\Honua.Server.Tests\Honua.Server.Tests.csproj", "{E5F6A7B8-C9D0-1234-EF01-345678901234}"
EndProject
Project("{2150E333-8FDC-42A3-9474-1A3956D46DE8}") = "tests", "tests", "{0AB3BF05-4346-4AA6-1389-037BE0695223}"
EndProject
Project("{FAE04EC0-301F-11D3-BF4B-00C04F79EFBC}") = "Honua.Architecture.Tests", "tests\dotnet\Honua.Architecture.Tests\Honua.Architecture.Tests.csproj", "{15E10F2A-5805-4E70-ADE1-FEE7DA86AB54}"
EndProject
Project("{FAE04EC0-301F-11D3-BF4B-00C04F79EFBC}") = "Honua.Core.Tests", "tests\dotnet\Honua.Core.Tests\Honua.Core.Tests.csproj", "{EC240BD6-3D37-4ED9-82C2-88BEE0A00FB3}"
EndProject
Project("{FAE04EC0-301F-11D3-BF4B-00C04F79EFBC}") = "Honua.Postgres.Tests", "tests\dotnet\Honua.Postgres.Tests\Honua.Postgres.Tests.csproj", "{E602BFBA-DE7B-4C54-A1B4-D42827E46D91}"
EndProject
Project("{FAE04EC0-301F-11D3-BF4B-00C04F79EFBC}") = "Honua.LoadTests", "tests\dotnet\Honua.LoadTests\Honua.LoadTests.csproj", "{E032A2D5-C4A0-4E85-8D10-3A0D3B4144E5}"
EndProject
Project("{2150E333-8FDC-42A3-9474-1A3956D46DE8}") = "src", "src", "{827E0CD3-B72D-47B6-A68D-7590B98EB39B}"
EndProject
Project("{FAE04EC0-301F-11D3-BF4B-00C04F79EFBC}") = "Honua.Core", "src\Honua.Core\Honua.Core.csproj", "{6FA86D72-BAEC-4B23-8EE0-CF7725E4BD3D}"
EndProject
Project("{FAE04EC0-301F-11D3-BF4B-00C04F79EFBC}") = "Honua.Core.Security.Tests", "tests\dotnet\Honua.Core.Security.Tests\Honua.Core.Security.Tests.csproj", "{AE285A79-B7A3-40A2-932E-C8F194CBF780}"
EndProject
Project("{FAE04EC0-301F-11D3-BF4B-00C04F79EFBC}") = "Honua.Postgres.Security.Tests", "tests\dotnet\Honua.Postgres.Security.Tests\Honua.Postgres.Security.Tests.csproj", "{BA94AC61-9842-4F07-B871-E4801B39D621}"
EndProject
Project("{FAE04EC0-301F-11D3-BF4B-00C04F79EFBC}") = "Honua.DuckDB", "src\Honua.DuckDB\Honua.DuckDB.csproj", "{A077F367-021A-4BC4-8545-6D97DCD84AC6}"
EndProject
Project("{FAE04EC0-301F-11D3-BF4B-00C04F79EFBC}") = "Honua.DuckDB.Tests", "tests\dotnet\Honua.DuckDB.Tests\Honua.DuckDB.Tests.csproj", "{241A15C1-E00C-404E-944F-804B892EFF80}"
EndProject
Project("{FAE04EC0-301F-11D3-BF4B-00C04F79EFBC}") = "Honua.SqlServer", "src\Honua.SqlServer\Honua.SqlServer.csproj", "{749B4B53-BE5E-46E2-BC76-300B57E10D93}"
EndProject
Project("{2150E333-8FDC-42A3-9474-1A3956D46DE8}") = "dotnet", "dotnet", "{35C501C9-8590-3B46-F622-E1ABED50CEA9}"
EndProject
Project("{FAE04EC0-301F-11D3-BF4B-00C04F79EFBC}") = "Honua.SqlServer.Tests", "tests\dotnet\Honua.SqlServer.Tests\Honua.SqlServer.Tests.csproj", "{C59E4B2D-6042-4BAB-A7A8-37DF5CC69CCA}"
EndProject
Project("{FAE04EC0-301F-11D3-BF4B-00C04F79EFBC}") = "Honua.MySql", "src\Honua.MySql\Honua.MySql.csproj", "{B5E1F032-7A2B-4C4D-9F31-9BFC4D70A851}"
EndProject
Project("{FAE04EC0-301F-11D3-BF4B-00C04F79EFBC}") = "Honua.MySql.Tests", "tests\dotnet\Honua.MySql.Tests\Honua.MySql.Tests.csproj", "{C7F4A192-3DAC-485E-A12B-CE2BF1C20851}"
EndProject
Project("{2150E333-8FDC-42A3-9474-1A3956D46DE8}") = "benchmarks", "benchmarks", "{66320409-64EC-F7C5-3DEF-65E7510DAAD1}"
EndProject
Project("{FAE04EC0-301F-11D3-BF4B-00C04F79EFBC}") = "Honua.Benchmarks", "benchmarks\Honua.Benchmarks\Honua.Benchmarks.csproj", "{91D12726-7DFA-4682-B72D-54C1279F4936}"
EndProject
Project("{FAE04EC0-301F-11D3-BF4B-00C04F79EFBC}") = "Honua.Worker.Gdal", "src\Honua.Worker.Gdal\Honua.Worker.Gdal.csproj", "{2B9E73B2-81D7-4B5E-B812-57C7638CD90E}"
EndProject
Project("{FAE04EC0-301F-11D3-BF4B-00C04F79EFBC}") = "Honua.Worker.Gdal.Tests", "tests\dotnet\Honua.Worker.Gdal.Tests\Honua.Worker.Gdal.Tests.csproj", "{4F3324D6-1F46-4EA2-AB5D-3C951B8399B3}"
EndProject
Project("{FAE04EC0-301F-11D3-BF4B-00C04F79EFBC}") = "Honua.Core.Abstractions", "src\Honua.Core.Abstractions\Honua.Core.Abstractions.csproj", "{C3BEA6ED-1ED5-4B70-AF59-6153682585C2}"
EndProject
Project("{FAE04EC0-301F-11D3-BF4B-00C04F79EFBC}") = "Honua.Protocols.OData.Tests", "tests\dotnet\Honua.Protocols.OData.Tests\Honua.Protocols.OData.Tests.csproj", "{9CB6F100-3EEC-4B5B-9B7D-983177106DFC}"
EndProject
Project("{FAE04EC0-301F-11D3-BF4B-00C04F79EFBC}") = "Honua.Protocols.OgcApi.Tests", "tests\dotnet\Honua.Protocols.OgcApi.Tests\Honua.Protocols.OgcApi.Tests.csproj", "{7396C406-0E2F-44FC-BD96-D3ACED3C6490}"
EndProject
Project("{FAE04EC0-301F-11D3-BF4B-00C04F79EFBC}") = "Honua.Protocols.OgcClassic.Tests", "tests\dotnet\Honua.Protocols.OgcClassic.Tests\Honua.Protocols.OgcClassic.Tests.csproj", "{9B1B05C1-04BA-4EA6-B182-1FAE4266305B}"
EndProject
Project("{FAE04EC0-301F-11D3-BF4B-00C04F79EFBC}") = "Honua.Protocols.GeoServices.Tests", "tests\dotnet\Honua.Protocols.GeoServices.Tests\Honua.Protocols.GeoServices.Tests.csproj", "{3F7E45FA-27F8-4DC8-A7E7-72BAC722AC5F}"
EndProject
Project("{FAE04EC0-301F-11D3-BF4B-00C04F79EFBC}") = "Honua.Ai.Tests", "tests\dotnet\Honua.Ai.Tests\Honua.Ai.Tests.csproj", "{6EB8DBCE-6329-4771-B052-C86619FA83ED}"
EndProject
Project("{FAE04EC0-301F-11D3-BF4B-00C04F79EFBC}") = "Honua.Protocols.Scene.Tests", "tests\dotnet\Honua.Protocols.Scene.Tests\Honua.Protocols.Scene.Tests.csproj", "{E7EC0AE9-6DA1-419F-8A71-1FF265BE37B9}"
EndProject
Project("{FAE04EC0-301F-11D3-BF4B-00C04F79EFBC}") = "Honua.Protocols.Stac.Tests", "tests\dotnet\Honua.Protocols.Stac.Tests\Honua.Protocols.Stac.Tests.csproj", "{F8F9F433-6DF5-4123-8C56-20C4377383BF}"
EndProject
Project("{FAE04EC0-301F-11D3-BF4B-00C04F79EFBC}") = "Honua.Hosting", "src\Honua.Hosting\Honua.Hosting.csproj", "{DCA3B1AA-F7BD-4D09-96EF-A331EAF1AF01}"
EndProject
Project("{FAE04EC0-301F-11D3-BF4B-00C04F79EFBC}") = "Honua.Protocols.OData", "src\Honua.Protocols.OData\Honua.Protocols.OData.csproj", "{A6AB8FF4-0E36-472D-BA10-6CFCC997FCDC}"
EndProject
Project("{FAE04EC0-301F-11D3-BF4B-00C04F79EFBC}") = "Honua.Geocoding", "src\Honua.Geocoding\Honua.Geocoding.csproj", "{4A4E07AC-5360-453A-8F4A-CEC6A35C0EED}"
EndProject
Project("{FAE04EC0-301F-11D3-BF4B-00C04F79EFBC}") = "Honua.Jobs", "src\Honua.Jobs\Honua.Jobs.csproj", "{CD3C4ACD-ED09-4FC4-86D4-A673E087FB0A}"
EndProject
Project("{FAE04EC0-301F-11D3-BF4B-00C04F79EFBC}") = "Honua.Aws", "src\Honua.Aws\Honua.Aws.csproj", "{7EF45092-EF76-4FD2-A751-2C40F2EBFD44}"
EndProject
Project("{FAE04EC0-301F-11D3-BF4B-00C04F79EFBC}") = "Honua.Azure", "src\Honua.Azure\Honua.Azure.csproj", "{6FD192BB-A3D5-45F8-9D0D-DA8B1BAA1355}"
EndProject
Project("{FAE04EC0-301F-11D3-BF4B-00C04F79EFBC}") = "Honua.Geometry", "src\Honua.Geometry\Honua.Geometry.csproj", "{27A45697-554F-487C-B3CA-D002C94B9505}"
EndProject
Project("{FAE04EC0-301F-11D3-BF4B-00C04F79EFBC}") = "Honua.Ai", "src\Honua.Ai\Honua.Ai.csproj", "{7F0558A5-056E-461B-A7F6-600A87201F9F}"
EndProject
Project("{FAE04EC0-301F-11D3-BF4B-00C04F79EFBC}") = "Honua.Geoprocessing", "src\Honua.Geoprocessing\Honua.Geoprocessing.csproj", "{C74F8F59-4971-4201-BB41-3474F0902068}"
EndProject
Project("{FAE04EC0-301F-11D3-BF4B-00C04F79EFBC}") = "Honua.Io", "src\Honua.Io\Honua.Io.csproj", "{ADED4983-F900-4EEF-90CB-6A19D189D2CE}"
EndProject
Project("{FAE04EC0-301F-11D3-BF4B-00C04F79EFBC}") = "Honua.Import", "src\Honua.Import\Honua.Import.csproj", "{85FB4BFE-A3F3-429A-B5F8-2D4F7234FC53}"
EndProject
Project("{FAE04EC0-301F-11D3-BF4B-00C04F79EFBC}") = "Honua.Protocols.Scene", "src\Honua.Protocols.Scene\Honua.Protocols.Scene.csproj", "{5B1A2E82-8D83-48B4-A3E2-9CD7F1FE2663}"
EndProject
Project("{FAE04EC0-301F-11D3-BF4B-00C04F79EFBC}") = "Honua.Protocols.Ogc.Shared", "src\Honua.Protocols.Ogc.Shared\Honua.Protocols.Ogc.Shared.csproj", "{3CDE0D7B-3916-4B93-8B83-3B330A8B12F8}"
EndProject
Project("{FAE04EC0-301F-11D3-BF4B-00C04F79EFBC}") = "Honua.Protocols.OgcApi", "src\Honua.Protocols.OgcApi\Honua.Protocols.OgcApi.csproj", "{8CA16467-F0A1-4396-BFFD-3E4B53A05B83}"
EndProject
Project("{FAE04EC0-301F-11D3-BF4B-00C04F79EFBC}") = "Honua.Protocols.OgcClassic", "src\Honua.Protocols.OgcClassic\Honua.Protocols.OgcClassic.csproj", "{58F68C46-E226-4959-8B90-E37116FEF1D2}"
EndProject
Project("{FAE04EC0-301F-11D3-BF4B-00C04F79EFBC}") = "Honua.Protocols.Stac", "src\Honua.Protocols.Stac\Honua.Protocols.Stac.csproj", "{7AD73058-9BED-4FB9-9546-16CF4C2F7994}"
EndProject
Global
	GlobalSection(SolutionConfigurationPlatforms) = preSolution
		Debug|Any CPU = Debug|Any CPU
		Debug|x64 = Debug|x64
		Debug|x86 = Debug|x86
		Release|Any CPU = Release|Any CPU
		Release|x64 = Release|x64
		Release|x86 = Release|x86
	EndGlobalSection
	GlobalSection(ProjectConfigurationPlatforms) = postSolution
		{A1B2C3D4-E5F6-7890-ABCD-EF1234567890}.Debug|Any CPU.ActiveCfg = Debug|Any CPU
		{A1B2C3D4-E5F6-7890-ABCD-EF1234567890}.Debug|Any CPU.Build.0 = Debug|Any CPU
		{A1B2C3D4-E5F6-7890-ABCD-EF1234567890}.Debug|x64.ActiveCfg = Debug|Any CPU
		{A1B2C3D4-E5F6-7890-ABCD-EF1234567890}.Debug|x64.Build.0 = Debug|Any CPU
		{A1B2C3D4-E5F6-7890-ABCD-EF1234567890}.Debug|x86.ActiveCfg = Debug|Any CPU
		{A1B2C3D4-E5F6-7890-ABCD-EF1234567890}.Debug|x86.Build.0 = Debug|Any CPU
		{A1B2C3D4-E5F6-7890-ABCD-EF1234567890}.Release|Any CPU.ActiveCfg = Release|Any CPU
		{A1B2C3D4-E5F6-7890-ABCD-EF1234567890}.Release|Any CPU.Build.0 = Release|Any CPU
		{A1B2C3D4-E5F6-7890-ABCD-EF1234567890}.Release|x64.ActiveCfg = Release|Any CPU
		{A1B2C3D4-E5F6-7890-ABCD-EF1234567890}.Release|x64.Build.0 = Release|Any CPU
		{A1B2C3D4-E5F6-7890-ABCD-EF1234567890}.Release|x86.ActiveCfg = Release|Any CPU
		{A1B2C3D4-E5F6-7890-ABCD-EF1234567890}.Release|x86.Build.0 = Release|Any CPU
		{C3D4E5F6-A7B8-9012-CDEF-123456789012}.Debug|Any CPU.ActiveCfg = Debug|Any CPU
		{C3D4E5F6-A7B8-9012-CDEF-123456789012}.Debug|Any CPU.Build.0 = Debug|Any CPU
		{C3D4E5F6-A7B8-9012-CDEF-123456789012}.Debug|x64.ActiveCfg = Debug|Any CPU
		{C3D4E5F6-A7B8-9012-CDEF-123456789012}.Debug|x64.Build.0 = Debug|Any CPU
		{C3D4E5F6-A7B8-9012-CDEF-123456789012}.Debug|x86.ActiveCfg = Debug|Any CPU
		{C3D4E5F6-A7B8-9012-CDEF-123456789012}.Debug|x86.Build.0 = Debug|Any CPU
		{C3D4E5F6-A7B8-9012-CDEF-123456789012}.Release|Any CPU.ActiveCfg = Release|Any CPU
		{C3D4E5F6-A7B8-9012-CDEF-123456789012}.Release|Any CPU.Build.0 = Release|Any CPU
		{C3D4E5F6-A7B8-9012-CDEF-123456789012}.Release|x64.ActiveCfg = Release|Any CPU
		{C3D4E5F6-A7B8-9012-CDEF-123456789012}.Release|x64.Build.0 = Release|Any CPU
		{C3D4E5F6-A7B8-9012-CDEF-123456789012}.Release|x86.ActiveCfg = Release|Any CPU
		{C3D4E5F6-A7B8-9012-CDEF-123456789012}.Release|x86.Build.0 = Release|Any CPU
		{8F2A1B6C-7D3E-4F50-9C61-A8E2B4D5F671}.Debug|Any CPU.ActiveCfg = Debug|Any CPU
		{8F2A1B6C-7D3E-4F50-9C61-A8E2B4D5F671}.Debug|Any CPU.Build.0 = Debug|Any CPU
		{8F2A1B6C-7D3E-4F50-9C61-A8E2B4D5F671}.Debug|x64.ActiveCfg = Debug|Any CPU
		{8F2A1B6C-7D3E-4F50-9C61-A8E2B4D5F671}.Debug|x64.Build.0 = Debug|Any CPU
		{8F2A1B6C-7D3E-4F50-9C61-A8E2B4D5F671}.Debug|x86.ActiveCfg = Debug|Any CPU
		{8F2A1B6C-7D3E-4F50-9C61-A8E2B4D5F671}.Debug|x86.Build.0 = Debug|Any CPU
		{8F2A1B6C-7D3E-4F50-9C61-A8E2B4D5F671}.Release|Any CPU.ActiveCfg = Release|Any CPU
		{8F2A1B6C-7D3E-4F50-9C61-A8E2B4D5F671}.Release|Any CPU.Build.0 = Release|Any CPU
		{8F2A1B6C-7D3E-4F50-9C61-A8E2B4D5F671}.Release|x64.ActiveCfg = Release|Any CPU
		{8F2A1B6C-7D3E-4F50-9C61-A8E2B4D5F671}.Release|x64.Build.0 = Release|Any CPU
		{8F2A1B6C-7D3E-4F50-9C61-A8E2B4D5F671}.Release|x86.ActiveCfg = Release|Any CPU
		{8F2A1B6C-7D3E-4F50-9C61-A8E2B4D5F671}.Release|x86.Build.0 = Release|Any CPU
		{D4E5F6A7-B8C9-0123-DEF0-345678901234}.Debug|Any CPU.ActiveCfg = Debug|Any CPU
		{D4E5F6A7-B8C9-0123-DEF0-345678901234}.Debug|Any CPU.Build.0 = Debug|Any CPU
		{D4E5F6A7-B8C9-0123-DEF0-345678901234}.Debug|x64.ActiveCfg = Debug|Any CPU
		{D4E5F6A7-B8C9-0123-DEF0-345678901234}.Debug|x64.Build.0 = Debug|Any CPU
		{D4E5F6A7-B8C9-0123-DEF0-345678901234}.Debug|x86.ActiveCfg = Debug|Any CPU
		{D4E5F6A7-B8C9-0123-DEF0-345678901234}.Debug|x86.Build.0 = Debug|Any CPU
		{D4E5F6A7-B8C9-0123-DEF0-345678901234}.Release|Any CPU.ActiveCfg = Release|Any CPU
		{D4E5F6A7-B8C9-0123-DEF0-345678901234}.Release|Any CPU.Build.0 = Release|Any CPU
		{D4E5F6A7-B8C9-0123-DEF0-345678901234}.Release|x64.ActiveCfg = Release|Any CPU
		{D4E5F6A7-B8C9-0123-DEF0-345678901234}.Release|x64.Build.0 = Release|Any CPU
		{D4E5F6A7-B8C9-0123-DEF0-345678901234}.Release|x86.ActiveCfg = Release|Any CPU
		{D4E5F6A7-B8C9-0123-DEF0-345678901234}.Release|x86.Build.0 = Release|Any CPU
		{E5F6A7B8-C9D0-1234-EF01-456789012345}.Debug|Any CPU.ActiveCfg = Debug|Any CPU
		{E5F6A7B8-C9D0-1234-EF01-456789012345}.Debug|Any CPU.Build.0 = Debug|Any CPU
		{E5F6A7B8-C9D0-1234-EF01-456789012345}.Debug|x64.ActiveCfg = Debug|Any CPU
		{E5F6A7B8-C9D0-1234-EF01-456789012345}.Debug|x64.Build.0 = Debug|Any CPU
		{E5F6A7B8-C9D0-1234-EF01-456789012345}.Debug|x86.ActiveCfg = Debug|Any CPU
		{E5F6A7B8-C9D0-1234-EF01-456789012345}.Debug|x86.Build.0 = Debug|Any CPU
		{E5F6A7B8-C9D0-1234-EF01-456789012345}.Release|Any CPU.ActiveCfg = Release|Any CPU
		{E5F6A7B8-C9D0-1234-EF01-456789012345}.Release|Any CPU.Build.0 = Release|Any CPU
		{E5F6A7B8-C9D0-1234-EF01-456789012345}.Release|x64.ActiveCfg = Release|Any CPU
		{E5F6A7B8-C9D0-1234-EF01-456789012345}.Release|x64.Build.0 = Release|Any CPU
		{E5F6A7B8-C9D0-1234-EF01-456789012345}.Release|x86.ActiveCfg = Release|Any CPU
		{E5F6A7B8-C9D0-1234-EF01-456789012345}.Release|x86.Build.0 = Release|Any CPU
		{D4E5F6A7-B8C9-0123-DEF0-234567890123}.Debug|Any CPU.ActiveCfg = Debug|Any CPU
		{D4E5F6A7-B8C9-0123-DEF0-234567890123}.Debug|Any CPU.Build.0 = Debug|Any CPU
		{D4E5F6A7-B8C9-0123-DEF0-234567890123}.Debug|x64.ActiveCfg = Debug|Any CPU
		{D4E5F6A7-B8C9-0123-DEF0-234567890123}.Debug|x64.Build.0 = Debug|Any CPU
		{D4E5F6A7-B8C9-0123-DEF0-234567890123}.Debug|x86.ActiveCfg = Debug|Any CPU
		{D4E5F6A7-B8C9-0123-DEF0-234567890123}.Debug|x86.Build.0 = Debug|Any CPU
		{D4E5F6A7-B8C9-0123-DEF0-234567890123}.Release|Any CPU.ActiveCfg = Release|Any CPU
		{D4E5F6A7-B8C9-0123-DEF0-234567890123}.Release|Any CPU.Build.0 = Release|Any CPU
		{D4E5F6A7-B8C9-0123-DEF0-234567890123}.Release|x64.ActiveCfg = Release|Any CPU
		{D4E5F6A7-B8C9-0123-DEF0-234567890123}.Release|x64.Build.0 = Release|Any CPU
		{D4E5F6A7-B8C9-0123-DEF0-234567890123}.Release|x86.ActiveCfg = Release|Any CPU
		{D4E5F6A7-B8C9-0123-DEF0-234567890123}.Release|x86.Build.0 = Release|Any CPU
		{E5F6A7B8-C9D0-1234-EF01-345678901234}.Debug|Any CPU.ActiveCfg = Debug|Any CPU
		{E5F6A7B8-C9D0-1234-EF01-345678901234}.Debug|Any CPU.Build.0 = Debug|Any CPU
		{E5F6A7B8-C9D0-1234-EF01-345678901234}.Debug|x64.ActiveCfg = Debug|Any CPU
		{E5F6A7B8-C9D0-1234-EF01-345678901234}.Debug|x64.Build.0 = Debug|Any CPU
		{E5F6A7B8-C9D0-1234-EF01-345678901234}.Debug|x86.ActiveCfg = Debug|Any CPU
		{E5F6A7B8-C9D0-1234-EF01-345678901234}.Debug|x86.Build.0 = Debug|Any CPU
		{E5F6A7B8-C9D0-1234-EF01-345678901234}.Release|Any CPU.ActiveCfg = Release|Any CPU
		{E5F6A7B8-C9D0-1234-EF01-345678901234}.Release|Any CPU.Build.0 = Release|Any CPU
		{E5F6A7B8-C9D0-1234-EF01-345678901234}.Release|x64.ActiveCfg = Release|Any CPU
		{E5F6A7B8-C9D0-1234-EF01-345678901234}.Release|x64.Build.0 = Release|Any CPU
		{E5F6A7B8-C9D0-1234-EF01-345678901234}.Release|x86.ActiveCfg = Release|Any CPU
		{E5F6A7B8-C9D0-1234-EF01-345678901234}.Release|x86.Build.0 = Release|Any CPU
		{15E10F2A-5805-4E70-ADE1-FEE7DA86AB54}.Debug|Any CPU.ActiveCfg = Debug|Any CPU
		{15E10F2A-5805-4E70-ADE1-FEE7DA86AB54}.Debug|Any CPU.Build.0 = Debug|Any CPU
		{15E10F2A-5805-4E70-ADE1-FEE7DA86AB54}.Debug|x64.ActiveCfg = Debug|Any CPU
		{15E10F2A-5805-4E70-ADE1-FEE7DA86AB54}.Debug|x64.Build.0 = Debug|Any CPU
		{15E10F2A-5805-4E70-ADE1-FEE7DA86AB54}.Debug|x86.ActiveCfg = Debug|Any CPU
		{15E10F2A-5805-4E70-ADE1-FEE7DA86AB54}.Debug|x86.Build.0 = Debug|Any CPU
		{15E10F2A-5805-4E70-ADE1-FEE7DA86AB54}.Release|Any CPU.ActiveCfg = Release|Any CPU
		{15E10F2A-5805-4E70-ADE1-FEE7DA86AB54}.Release|Any CPU.Build.0 = Release|Any CPU
		{15E10F2A-5805-4E70-ADE1-FEE7DA86AB54}.Release|x64.ActiveCfg = Release|Any CPU
		{15E10F2A-5805-4E70-ADE1-FEE7DA86AB54}.Release|x64.Build.0 = Release|Any CPU
		{15E10F2A-5805-4E70-ADE1-FEE7DA86AB54}.Release|x86.ActiveCfg = Release|Any CPU
		{15E10F2A-5805-4E70-ADE1-FEE7DA86AB54}.Release|x86.Build.0 = Release|Any CPU
		{EC240BD6-3D37-4ED9-82C2-88BEE0A00FB3}.Debug|Any CPU.ActiveCfg = Debug|Any CPU
		{EC240BD6-3D37-4ED9-82C2-88BEE0A00FB3}.Debug|Any CPU.Build.0 = Debug|Any CPU
		{EC240BD6-3D37-4ED9-82C2-88BEE0A00FB3}.Debug|x64.ActiveCfg = Debug|Any CPU
		{EC240BD6-3D37-4ED9-82C2-88BEE0A00FB3}.Debug|x64.Build.0 = Debug|Any CPU
		{EC240BD6-3D37-4ED9-82C2-88BEE0A00FB3}.Debug|x86.ActiveCfg = Debug|Any CPU
		{EC240BD6-3D37-4ED9-82C2-88BEE0A00FB3}.Debug|x86.Build.0 = Debug|Any CPU
		{EC240BD6-3D37-4ED9-82C2-88BEE0A00FB3}.Release|Any CPU.ActiveCfg = Release|Any CPU
		{EC240BD6-3D37-4ED9-82C2-88BEE0A00FB3}.Release|Any CPU.Build.0 = Release|Any CPU
		{EC240BD6-3D37-4ED9-82C2-88BEE0A00FB3}.Release|x64.ActiveCfg = Release|Any CPU
		{EC240BD6-3D37-4ED9-82C2-88BEE0A00FB3}.Release|x64.Build.0 = Release|Any CPU
		{EC240BD6-3D37-4ED9-82C2-88BEE0A00FB3}.Release|x86.ActiveCfg = Release|Any CPU
		{EC240BD6-3D37-4ED9-82C2-88BEE0A00FB3}.Release|x86.Build.0 = Release|Any CPU
		{E602BFBA-DE7B-4C54-A1B4-D42827E46D91}.Debug|Any CPU.ActiveCfg = Debug|Any CPU
		{E602BFBA-DE7B-4C54-A1B4-D42827E46D91}.Debug|Any CPU.Build.0 = Debug|Any CPU
		{E602BFBA-DE7B-4C54-A1B4-D42827E46D91}.Debug|x64.ActiveCfg = Debug|Any CPU
		{E602BFBA-DE7B-4C54-A1B4-D42827E46D91}.Debug|x64.Build.0 = Debug|Any CPU
		{E602BFBA-DE7B-4C54-A1B4-D42827E46D91}.Debug|x86.ActiveCfg = Debug|Any CPU
		{E602BFBA-DE7B-4C54-A1B4-D42827E46D91}.Debug|x86.Build.0 = Debug|Any CPU
		{E602BFBA-DE7B-4C54-A1B4-D42827E46D91}.Release|Any CPU.ActiveCfg = Release|Any CPU
		{E602BFBA-DE7B-4C54-A1B4-D42827E46D91}.Release|Any CPU.Build.0 = Release|Any CPU
		{E602BFBA-DE7B-4C54-A1B4-D42827E46D91}.Release|x64.ActiveCfg = Release|Any CPU
		{E602BFBA-DE7B-4C54-A1B4-D42827E46D91}.Release|x64.Build.0 = Release|Any CPU
		{E602BFBA-DE7B-4C54-A1B4-D42827E46D91}.Release|x86.ActiveCfg = Release|Any CPU
		{E602BFBA-DE7B-4C54-A1B4-D42827E46D91}.Release|x86.Build.0 = Release|Any CPU
		{E032A2D5-C4A0-4E85-8D10-3A0D3B4144E5}.Debug|Any CPU.ActiveCfg = Debug|Any CPU
		{E032A2D5-C4A0-4E85-8D10-3A0D3B4144E5}.Debug|Any CPU.Build.0 = Debug|Any CPU
		{E032A2D5-C4A0-4E85-8D10-3A0D3B4144E5}.Debug|x64.ActiveCfg = Debug|Any CPU
		{E032A2D5-C4A0-4E85-8D10-3A0D3B4144E5}.Debug|x64.Build.0 = Debug|Any CPU
		{E032A2D5-C4A0-4E85-8D10-3A0D3B4144E5}.Debug|x86.ActiveCfg = Debug|Any CPU
		{E032A2D5-C4A0-4E85-8D10-3A0D3B4144E5}.Debug|x86.Build.0 = Debug|Any CPU
		{E032A2D5-C4A0-4E85-8D10-3A0D3B4144E5}.Release|Any CPU.ActiveCfg = Release|Any CPU
		{E032A2D5-C4A0-4E85-8D10-3A0D3B4144E5}.Release|Any CPU.Build.0 = Release|Any CPU
		{E032A2D5-C4A0-4E85-8D10-3A0D3B4144E5}.Release|x64.ActiveCfg = Release|Any CPU
		{E032A2D5-C4A0-4E85-8D10-3A0D3B4144E5}.Release|x64.Build.0 = Release|Any CPU
		{E032A2D5-C4A0-4E85-8D10-3A0D3B4144E5}.Release|x86.ActiveCfg = Release|Any CPU
		{E032A2D5-C4A0-4E85-8D10-3A0D3B4144E5}.Release|x86.Build.0 = Release|Any CPU
		{6FA86D72-BAEC-4B23-8EE0-CF7725E4BD3D}.Debug|Any CPU.ActiveCfg = Debug|Any CPU
		{6FA86D72-BAEC-4B23-8EE0-CF7725E4BD3D}.Debug|Any CPU.Build.0 = Debug|Any CPU
		{6FA86D72-BAEC-4B23-8EE0-CF7725E4BD3D}.Debug|x64.ActiveCfg = Debug|Any CPU
		{6FA86D72-BAEC-4B23-8EE0-CF7725E4BD3D}.Debug|x64.Build.0 = Debug|Any CPU
		{6FA86D72-BAEC-4B23-8EE0-CF7725E4BD3D}.Debug|x86.ActiveCfg = Debug|Any CPU
		{6FA86D72-BAEC-4B23-8EE0-CF7725E4BD3D}.Debug|x86.Build.0 = Debug|Any CPU
		{6FA86D72-BAEC-4B23-8EE0-CF7725E4BD3D}.Release|Any CPU.ActiveCfg = Release|Any CPU
		{6FA86D72-BAEC-4B23-8EE0-CF7725E4BD3D}.Release|Any CPU.Build.0 = Release|Any CPU
		{6FA86D72-BAEC-4B23-8EE0-CF7725E4BD3D}.Release|x64.ActiveCfg = Release|Any CPU
		{6FA86D72-BAEC-4B23-8EE0-CF7725E4BD3D}.Release|x64.Build.0 = Release|Any CPU
		{6FA86D72-BAEC-4B23-8EE0-CF7725E4BD3D}.Release|x86.ActiveCfg = Release|Any CPU
		{6FA86D72-BAEC-4B23-8EE0-CF7725E4BD3D}.Release|x86.Build.0 = Release|Any CPU
		{AE285A79-B7A3-40A2-932E-C8F194CBF780}.Debug|Any CPU.ActiveCfg = Debug|Any CPU
		{AE285A79-B7A3-40A2-932E-C8F194CBF780}.Debug|Any CPU.Build.0 = Debug|Any CPU
		{AE285A79-B7A3-40A2-932E-C8F194CBF780}.Debug|x64.ActiveCfg = Debug|Any CPU
		{AE285A79-B7A3-40A2-932E-C8F194CBF780}.Debug|x64.Build.0 = Debug|Any CPU
		{AE285A79-B7A3-40A2-932E-C8F194CBF780}.Debug|x86.ActiveCfg = Debug|Any CPU
		{AE285A79-B7A3-40A2-932E-C8F194CBF780}.Debug|x86.Build.0 = Debug|Any CPU
		{AE285A79-B7A3-40A2-932E-C8F194CBF780}.Release|Any CPU.ActiveCfg = Release|Any CPU
		{AE285A79-B7A3-40A2-932E-C8F194CBF780}.Release|Any CPU.Build.0 = Release|Any CPU
		{AE285A79-B7A3-40A2-932E-C8F194CBF780}.Release|x64.ActiveCfg = Release|Any CPU
		{AE285A79-B7A3-40A2-932E-C8F194CBF780}.Release|x64.Build.0 = Release|Any CPU
		{AE285A79-B7A3-40A2-932E-C8F194CBF780}.Release|x86.ActiveCfg = Release|Any CPU
		{AE285A79-B7A3-40A2-932E-C8F194CBF780}.Release|x86.Build.0 = Release|Any CPU
		{BA94AC61-9842-4F07-B871-E4801B39D621}.Debug|Any CPU.ActiveCfg = Debug|Any CPU
		{BA94AC61-9842-4F07-B871-E4801B39D621}.Debug|Any CPU.Build.0 = Debug|Any CPU
		{BA94AC61-9842-4F07-B871-E4801B39D621}.Debug|x64.ActiveCfg = Debug|Any CPU
		{BA94AC61-9842-4F07-B871-E4801B39D621}.Debug|x64.Build.0 = Debug|Any CPU
		{BA94AC61-9842-4F07-B871-E4801B39D621}.Debug|x86.ActiveCfg = Debug|Any CPU
		{BA94AC61-9842-4F07-B871-E4801B39D621}.Debug|x86.Build.0 = Debug|Any CPU
		{BA94AC61-9842-4F07-B871-E4801B39D621}.Release|Any CPU.ActiveCfg = Release|Any CPU
		{BA94AC61-9842-4F07-B871-E4801B39D621}.Release|Any CPU.Build.0 = Release|Any CPU
		{BA94AC61-9842-4F07-B871-E4801B39D621}.Release|x64.ActiveCfg = Release|Any CPU
		{BA94AC61-9842-4F07-B871-E4801B39D621}.Release|x64.Build.0 = Release|Any CPU
		{BA94AC61-9842-4F07-B871-E4801B39D621}.Release|x86.ActiveCfg = Release|Any CPU
		{BA94AC61-9842-4F07-B871-E4801B39D621}.Release|x86.Build.0 = Release|Any CPU
		{A077F367-021A-4BC4-8545-6D97DCD84AC6}.Debug|Any CPU.ActiveCfg = Debug|Any CPU
		{A077F367-021A-4BC4-8545-6D97DCD84AC6}.Debug|Any CPU.Build.0 = Debug|Any CPU
		{A077F367-021A-4BC4-8545-6D97DCD84AC6}.Debug|x64.ActiveCfg = Debug|Any CPU
		{A077F367-021A-4BC4-8545-6D97DCD84AC6}.Debug|x64.Build.0 = Debug|Any CPU
		{A077F367-021A-4BC4-8545-6D97DCD84AC6}.Debug|x86.ActiveCfg = Debug|Any CPU
		{A077F367-021A-4BC4-8545-6D97DCD84AC6}.Debug|x86.Build.0 = Debug|Any CPU
		{A077F367-021A-4BC4-8545-6D97DCD84AC6}.Release|Any CPU.ActiveCfg = Release|Any CPU
		{A077F367-021A-4BC4-8545-6D97DCD84AC6}.Release|Any CPU.Build.0 = Release|Any CPU
		{A077F367-021A-4BC4-8545-6D97DCD84AC6}.Release|x64.ActiveCfg = Release|Any CPU
		{A077F367-021A-4BC4-8545-6D97DCD84AC6}.Release|x64.Build.0 = Release|Any CPU
		{A077F367-021A-4BC4-8545-6D97DCD84AC6}.Release|x86.ActiveCfg = Release|Any CPU
		{A077F367-021A-4BC4-8545-6D97DCD84AC6}.Release|x86.Build.0 = Release|Any CPU
		{241A15C1-E00C-404E-944F-804B892EFF80}.Debug|Any CPU.ActiveCfg = Debug|Any CPU
		{241A15C1-E00C-404E-944F-804B892EFF80}.Debug|Any CPU.Build.0 = Debug|Any CPU
		{241A15C1-E00C-404E-944F-804B892EFF80}.Debug|x64.ActiveCfg = Debug|Any CPU
		{241A15C1-E00C-404E-944F-804B892EFF80}.Debug|x64.Build.0 = Debug|Any CPU
		{241A15C1-E00C-404E-944F-804B892EFF80}.Debug|x86.ActiveCfg = Debug|Any CPU
		{241A15C1-E00C-404E-944F-804B892EFF80}.Debug|x86.Build.0 = Debug|Any CPU
		{241A15C1-E00C-404E-944F-804B892EFF80}.Release|Any CPU.ActiveCfg = Release|Any CPU
		{241A15C1-E00C-404E-944F-804B892EFF80}.Release|Any CPU.Build.0 = Release|Any CPU
		{241A15C1-E00C-404E-944F-804B892EFF80}.Release|x64.ActiveCfg = Release|Any CPU
		{241A15C1-E00C-404E-944F-804B892EFF80}.Release|x64.Build.0 = Release|Any CPU
		{241A15C1-E00C-404E-944F-804B892EFF80}.Release|x86.ActiveCfg = Release|Any CPU
		{241A15C1-E00C-404E-944F-804B892EFF80}.Release|x86.Build.0 = Release|Any CPU
		{749B4B53-BE5E-46E2-BC76-300B57E10D93}.Debug|Any CPU.ActiveCfg = Debug|Any CPU
		{749B4B53-BE5E-46E2-BC76-300B57E10D93}.Debug|Any CPU.Build.0 = Debug|Any CPU
		{749B4B53-BE5E-46E2-BC76-300B57E10D93}.Debug|x64.ActiveCfg = Debug|Any CPU
		{749B4B53-BE5E-46E2-BC76-300B57E10D93}.Debug|x64.Build.0 = Debug|Any CPU
		{749B4B53-BE5E-46E2-BC76-300B57E10D93}.Debug|x86.ActiveCfg = Debug|Any CPU
		{749B4B53-BE5E-46E2-BC76-300B57E10D93}.Debug|x86.Build.0 = Debug|Any CPU
		{749B4B53-BE5E-46E2-BC76-300B57E10D93}.Release|Any CPU.ActiveCfg = Release|Any CPU
		{749B4B53-BE5E-46E2-BC76-300B57E10D93}.Release|Any CPU.Build.0 = Release|Any CPU
		{749B4B53-BE5E-46E2-BC76-300B57E10D93}.Release|x64.ActiveCfg = Release|Any CPU
		{749B4B53-BE5E-46E2-BC76-300B57E10D93}.Release|x64.Build.0 = Release|Any CPU
		{749B4B53-BE5E-46E2-BC76-300B57E10D93}.Release|x86.ActiveCfg = Release|Any CPU
		{749B4B53-BE5E-46E2-BC76-300B57E10D93}.Release|x86.Build.0 = Release|Any CPU
		{C59E4B2D-6042-4BAB-A7A8-37DF5CC69CCA}.Debug|Any CPU.ActiveCfg = Debug|Any CPU
		{C59E4B2D-6042-4BAB-A7A8-37DF5CC69CCA}.Debug|Any CPU.Build.0 = Debug|Any CPU
		{C59E4B2D-6042-4BAB-A7A8-37DF5CC69CCA}.Debug|x64.ActiveCfg = Debug|Any CPU
		{C59E4B2D-6042-4BAB-A7A8-37DF5CC69CCA}.Debug|x64.Build.0 = Debug|Any CPU
		{C59E4B2D-6042-4BAB-A7A8-37DF5CC69CCA}.Debug|x86.ActiveCfg = Debug|Any CPU
		{C59E4B2D-6042-4BAB-A7A8-37DF5CC69CCA}.Debug|x86.Build.0 = Debug|Any CPU
		{C59E4B2D-6042-4BAB-A7A8-37DF5CC69CCA}.Release|Any CPU.ActiveCfg = Release|Any CPU
		{C59E4B2D-6042-4BAB-A7A8-37DF5CC69CCA}.Release|Any CPU.Build.0 = Release|Any CPU
		{C59E4B2D-6042-4BAB-A7A8-37DF5CC69CCA}.Release|x64.ActiveCfg = Release|Any CPU
		{C59E4B2D-6042-4BAB-A7A8-37DF5CC69CCA}.Release|x64.Build.0 = Release|Any CPU
		{C59E4B2D-6042-4BAB-A7A8-37DF5CC69CCA}.Release|x86.ActiveCfg = Release|Any CPU
		{C59E4B2D-6042-4BAB-A7A8-37DF5CC69CCA}.Release|x86.Build.0 = Release|Any CPU
		{B5E1F032-7A2B-4C4D-9F31-9BFC4D70A851}.Debug|Any CPU.ActiveCfg = Debug|Any CPU
		{B5E1F032-7A2B-4C4D-9F31-9BFC4D70A851}.Debug|Any CPU.Build.0 = Debug|Any CPU
		{B5E1F032-7A2B-4C4D-9F31-9BFC4D70A851}.Debug|x64.ActiveCfg = Debug|Any CPU
		{B5E1F032-7A2B-4C4D-9F31-9BFC4D70A851}.Debug|x64.Build.0 = Debug|Any CPU
		{B5E1F032-7A2B-4C4D-9F31-9BFC4D70A851}.Debug|x86.ActiveCfg = Debug|Any CPU
		{B5E1F032-7A2B-4C4D-9F31-9BFC4D70A851}.Debug|x86.Build.0 = Debug|Any CPU
		{B5E1F032-7A2B-4C4D-9F31-9BFC4D70A851}.Release|Any CPU.ActiveCfg = Release|Any CPU
		{B5E1F032-7A2B-4C4D-9F31-9BFC4D70A851}.Release|Any CPU.Build.0 = Release|Any CPU
		{B5E1F032-7A2B-4C4D-9F31-9BFC4D70A851}.Release|x64.ActiveCfg = Release|Any CPU
		{B5E1F032-7A2B-4C4D-9F31-9BFC4D70A851}.Release|x64.Build.0 = Release|Any CPU
		{B5E1F032-7A2B-4C4D-9F31-9BFC4D70A851}.Release|x86.ActiveCfg = Release|Any CPU
		{B5E1F032-7A2B-4C4D-9F31-9BFC4D70A851}.Release|x86.Build.0 = Release|Any CPU
		{C7F4A192-3DAC-485E-A12B-CE2BF1C20851}.Debug|Any CPU.ActiveCfg = Debug|Any CPU
		{C7F4A192-3DAC-485E-A12B-CE2BF1C20851}.Debug|Any CPU.Build.0 = Debug|Any CPU
		{C7F4A192-3DAC-485E-A12B-CE2BF1C20851}.Debug|x64.ActiveCfg = Debug|Any CPU
		{C7F4A192-3DAC-485E-A12B-CE2BF1C20851}.Debug|x64.Build.0 = Debug|Any CPU
		{C7F4A192-3DAC-485E-A12B-CE2BF1C20851}.Debug|x86.ActiveCfg = Debug|Any CPU
		{C7F4A192-3DAC-485E-A12B-CE2BF1C20851}.Debug|x86.Build.0 = Debug|Any CPU
		{C7F4A192-3DAC-485E-A12B-CE2BF1C20851}.Release|Any CPU.ActiveCfg = Release|Any CPU
		{C7F4A192-3DAC-485E-A12B-CE2BF1C20851}.Release|Any CPU.Build.0 = Release|Any CPU
		{C7F4A192-3DAC-485E-A12B-CE2BF1C20851}.Release|x64.ActiveCfg = Release|Any CPU
		{C7F4A192-3DAC-485E-A12B-CE2BF1C20851}.Release|x64.Build.0 = Release|Any CPU
		{C7F4A192-3DAC-485E-A12B-CE2BF1C20851}.Release|x86.ActiveCfg = Release|Any CPU
		{C7F4A192-3DAC-485E-A12B-CE2BF1C20851}.Release|x86.Build.0 = Release|Any CPU
		{91D12726-7DFA-4682-B72D-54C1279F4936}.Debug|Any CPU.ActiveCfg = Debug|Any CPU
		{91D12726-7DFA-4682-B72D-54C1279F4936}.Debug|Any CPU.Build.0 = Debug|Any CPU
		{91D12726-7DFA-4682-B72D-54C1279F4936}.Debug|x64.ActiveCfg = Debug|Any CPU
		{91D12726-7DFA-4682-B72D-54C1279F4936}.Debug|x64.Build.0 = Debug|Any CPU
		{91D12726-7DFA-4682-B72D-54C1279F4936}.Debug|x86.ActiveCfg = Debug|Any CPU
		{91D12726-7DFA-4682-B72D-54C1279F4936}.Debug|x86.Build.0 = Debug|Any CPU
		{91D12726-7DFA-4682-B72D-54C1279F4936}.Release|Any CPU.ActiveCfg = Release|Any CPU
		{91D12726-7DFA-4682-B72D-54C1279F4936}.Release|Any CPU.Build.0 = Release|Any CPU
		{91D12726-7DFA-4682-B72D-54C1279F4936}.Release|x64.ActiveCfg = Release|Any CPU
		{91D12726-7DFA-4682-B72D-54C1279F4936}.Release|x64.Build.0 = Release|Any CPU
		{91D12726-7DFA-4682-B72D-54C1279F4936}.Release|x86.ActiveCfg = Release|Any CPU
		{91D12726-7DFA-4682-B72D-54C1279F4936}.Release|x86.Build.0 = Release|Any CPU
		{2B9E73B2-81D7-4B5E-B812-57C7638CD90E}.Debug|Any CPU.ActiveCfg = Debug|Any CPU
		{2B9E73B2-81D7-4B5E-B812-57C7638CD90E}.Debug|Any CPU.Build.0 = Debug|Any CPU
		{2B9E73B2-81D7-4B5E-B812-57C7638CD90E}.Debug|x64.ActiveCfg = Debug|Any CPU
		{2B9E73B2-81D7-4B5E-B812-57C7638CD90E}.Debug|x64.Build.0 = Debug|Any CPU
		{2B9E73B2-81D7-4B5E-B812-57C7638CD90E}.Debug|x86.ActiveCfg = Debug|Any CPU
		{2B9E73B2-81D7-4B5E-B812-57C7638CD90E}.Debug|x86.Build.0 = Debug|Any CPU
		{2B9E73B2-81D7-4B5E-B812-57C7638CD90E}.Release|Any CPU.ActiveCfg = Release|Any CPU
		{2B9E73B2-81D7-4B5E-B812-57C7638CD90E}.Release|Any CPU.Build.0 = Release|Any CPU
		{2B9E73B2-81D7-4B5E-B812-57C7638CD90E}.Release|x64.ActiveCfg = Release|Any CPU
		{2B9E73B2-81D7-4B5E-B812-57C7638CD90E}.Release|x64.Build.0 = Release|Any CPU
		{2B9E73B2-81D7-4B5E-B812-57C7638CD90E}.Release|x86.ActiveCfg = Release|Any CPU
		{2B9E73B2-81D7-4B5E-B812-57C7638CD90E}.Release|x86.Build.0 = Release|Any CPU
		{4F3324D6-1F46-4EA2-AB5D-3C951B8399B3}.Debug|Any CPU.ActiveCfg = Debug|Any CPU
		{4F3324D6-1F46-4EA2-AB5D-3C951B8399B3}.Debug|Any CPU.Build.0 = Debug|Any CPU
		{4F3324D6-1F46-4EA2-AB5D-3C951B8399B3}.Debug|x64.ActiveCfg = Debug|Any CPU
		{4F3324D6-1F46-4EA2-AB5D-3C951B8399B3}.Debug|x64.Build.0 = Debug|Any CPU
		{4F3324D6-1F46-4EA2-AB5D-3C951B8399B3}.Debug|x86.ActiveCfg = Debug|Any CPU
		{4F3324D6-1F46-4EA2-AB5D-3C951B8399B3}.Debug|x86.Build.0 = Debug|Any CPU
		{4F3324D6-1F46-4EA2-AB5D-3C951B8399B3}.Release|Any CPU.ActiveCfg = Release|Any CPU
		{4F3324D6-1F46-4EA2-AB5D-3C951B8399B3}.Release|Any CPU.Build.0 = Release|Any CPU
		{4F3324D6-1F46-4EA2-AB5D-3C951B8399B3}.Release|x64.ActiveCfg = Release|Any CPU
		{4F3324D6-1F46-4EA2-AB5D-3C951B8399B3}.Release|x64.Build.0 = Release|Any CPU
		{4F3324D6-1F46-4EA2-AB5D-3C951B8399B3}.Release|x86.ActiveCfg = Release|Any CPU
		{4F3324D6-1F46-4EA2-AB5D-3C951B8399B3}.Release|x86.Build.0 = Release|Any CPU
		{C3BEA6ED-1ED5-4B70-AF59-6153682585C2}.Debug|Any CPU.ActiveCfg = Debug|Any CPU
		{C3BEA6ED-1ED5-4B70-AF59-6153682585C2}.Debug|Any CPU.Build.0 = Debug|Any CPU
		{C3BEA6ED-1ED5-4B70-AF59-6153682585C2}.Debug|x64.ActiveCfg = Debug|Any CPU
		{C3BEA6ED-1ED5-4B70-AF59-6153682585C2}.Debug|x64.Build.0 = Debug|Any CPU
		{C3BEA6ED-1ED5-4B70-AF59-6153682585C2}.Debug|x86.ActiveCfg = Debug|Any CPU
		{C3BEA6ED-1ED5-4B70-AF59-6153682585C2}.Debug|x86.Build.0 = Debug|Any CPU
		{C3BEA6ED-1ED5-4B70-AF59-6153682585C2}.Release|Any CPU.ActiveCfg = Release|Any CPU
		{C3BEA6ED-1ED5-4B70-AF59-6153682585C2}.Release|Any CPU.Build.0 = Release|Any CPU
		{C3BEA6ED-1ED5-4B70-AF59-6153682585C2}.Release|x64.ActiveCfg = Release|Any CPU
		{C3BEA6ED-1ED5-4B70-AF59-6153682585C2}.Release|x64.Build.0 = Release|Any CPU
		{C3BEA6ED-1ED5-4B70-AF59-6153682585C2}.Release|x86.ActiveCfg = Release|Any CPU
		{C3BEA6ED-1ED5-4B70-AF59-6153682585C2}.Release|x86.Build.0 = Release|Any CPU
		{9CB6F100-3EEC-4B5B-9B7D-983177106DFC}.Debug|Any CPU.ActiveCfg = Debug|Any CPU
		{9CB6F100-3EEC-4B5B-9B7D-983177106DFC}.Debug|Any CPU.Build.0 = Debug|Any CPU
		{9CB6F100-3EEC-4B5B-9B7D-983177106DFC}.Debug|x64.ActiveCfg = Debug|Any CPU
		{9CB6F100-3EEC-4B5B-9B7D-983177106DFC}.Debug|x64.Build.0 = Debug|Any CPU
		{9CB6F100-3EEC-4B5B-9B7D-983177106DFC}.Debug|x86.ActiveCfg = Debug|Any CPU
		{9CB6F100-3EEC-4B5B-9B7D-983177106DFC}.Debug|x86.Build.0 = Debug|Any CPU
		{9CB6F100-3EEC-4B5B-9B7D-983177106DFC}.Release|Any CPU.ActiveCfg = Release|Any CPU
		{9CB6F100-3EEC-4B5B-9B7D-983177106DFC}.Release|Any CPU.Build.0 = Release|Any CPU
		{9CB6F100-3EEC-4B5B-9B7D-983177106DFC}.Release|x64.ActiveCfg = Release|Any CPU
		{9CB6F100-3EEC-4B5B-9B7D-983177106DFC}.Release|x64.Build.0 = Release|Any CPU
		{9CB6F100-3EEC-4B5B-9B7D-983177106DFC}.Release|x86.ActiveCfg = Release|Any CPU
		{9CB6F100-3EEC-4B5B-9B7D-983177106DFC}.Release|x86.Build.0 = Release|Any CPU
		{7396C406-0E2F-44FC-BD96-D3ACED3C6490}.Debug|Any CPU.ActiveCfg = Debug|Any CPU
		{7396C406-0E2F-44FC-BD96-D3ACED3C6490}.Debug|Any CPU.Build.0 = Debug|Any CPU
		{7396C406-0E2F-44FC-BD96-D3ACED3C6490}.Debug|x64.ActiveCfg = Debug|Any CPU
		{7396C406-0E2F-44FC-BD96-D3ACED3C6490}.Debug|x64.Build.0 = Debug|Any CPU
		{7396C406-0E2F-44FC-BD96-D3ACED3C6490}.Debug|x86.ActiveCfg = Debug|Any CPU
		{7396C406-0E2F-44FC-BD96-D3ACED3C6490}.Debug|x86.Build.0 = Debug|Any CPU
		{7396C406-0E2F-44FC-BD96-D3ACED3C6490}.Release|Any CPU.ActiveCfg = Release|Any CPU
		{7396C406-0E2F-44FC-BD96-D3ACED3C6490}.Release|Any CPU.Build.0 = Release|Any CPU
		{7396C406-0E2F-44FC-BD96-D3ACED3C6490}.Release|x64.ActiveCfg = Release|Any CPU
		{7396C406-0E2F-44FC-BD96-D3ACED3C6490}.Release|x64.Build.0 = Release|Any CPU
		{7396C406-0E2F-44FC-BD96-D3ACED3C6490}.Release|x86.ActiveCfg = Release|Any CPU
		{7396C406-0E2F-44FC-BD96-D3ACED3C6490}.Release|x86.Build.0 = Release|Any CPU
		{9B1B05C1-04BA-4EA6-B182-1FAE4266305B}.Debug|Any CPU.ActiveCfg = Debug|Any CPU
		{9B1B05C1-04BA-4EA6-B182-1FAE4266305B}.Debug|Any CPU.Build.0 = Debug|Any CPU
		{9B1B05C1-04BA-4EA6-B182-1FAE4266305B}.Debug|x64.ActiveCfg = Debug|Any CPU
		{9B1B05C1-04BA-4EA6-B182-1FAE4266305B}.Debug|x64.Build.0 = Debug|Any CPU
		{9B1B05C1-04BA-4EA6-B182-1FAE4266305B}.Debug|x86.ActiveCfg = Debug|Any CPU
		{9B1B05C1-04BA-4EA6-B182-1FAE4266305B}.Debug|x86.Build.0 = Debug|Any CPU
		{9B1B05C1-04BA-4EA6-B182-1FAE4266305B}.Release|Any CPU.ActiveCfg = Release|Any CPU
		{9B1B05C1-04BA-4EA6-B182-1FAE4266305B}.Release|Any CPU.Build.0 = Release|Any CPU
		{9B1B05C1-04BA-4EA6-B182-1FAE4266305B}.Release|x64.ActiveCfg = Release|Any CPU
		{9B1B05C1-04BA-4EA6-B182-1FAE4266305B}.Release|x64.Build.0 = Release|Any CPU
		{9B1B05C1-04BA-4EA6-B182-1FAE4266305B}.Release|x86.ActiveCfg = Release|Any CPU
		{9B1B05C1-04BA-4EA6-B182-1FAE4266305B}.Release|x86.Build.0 = Release|Any CPU
		{3F7E45FA-27F8-4DC8-A7E7-72BAC722AC5F}.Debug|Any CPU.ActiveCfg = Debug|Any CPU
		{3F7E45FA-27F8-4DC8-A7E7-72BAC722AC5F}.Debug|Any CPU.Build.0 = Debug|Any CPU
		{3F7E45FA-27F8-4DC8-A7E7-72BAC722AC5F}.Debug|x64.ActiveCfg = Debug|Any CPU
		{3F7E45FA-27F8-4DC8-A7E7-72BAC722AC5F}.Debug|x64.Build.0 = Debug|Any CPU
		{3F7E45FA-27F8-4DC8-A7E7-72BAC722AC5F}.Debug|x86.ActiveCfg = Debug|Any CPU
		{3F7E45FA-27F8-4DC8-A7E7-72BAC722AC5F}.Debug|x86.Build.0 = Debug|Any CPU
		{3F7E45FA-27F8-4DC8-A7E7-72BAC722AC5F}.Release|Any CPU.ActiveCfg = Release|Any CPU
		{3F7E45FA-27F8-4DC8-A7E7-72BAC722AC5F}.Release|Any CPU.Build.0 = Release|Any CPU
		{3F7E45FA-27F8-4DC8-A7E7-72BAC722AC5F}.Release|x64.ActiveCfg = Release|Any CPU
		{3F7E45FA-27F8-4DC8-A7E7-72BAC722AC5F}.Release|x64.Build.0 = Release|Any CPU
		{3F7E45FA-27F8-4DC8-A7E7-72BAC722AC5F}.Release|x86.ActiveCfg = Release|Any CPU
		{3F7E45FA-27F8-4DC8-A7E7-72BAC722AC5F}.Release|x86.Build.0 = Release|Any CPU
		{6EB8DBCE-6329-4771-B052-C86619FA83ED}.Debug|Any CPU.ActiveCfg = Debug|Any CPU
		{6EB8DBCE-6329-4771-B052-C86619FA83ED}.Debug|Any CPU.Build.0 = Debug|Any CPU
		{6EB8DBCE-6329-4771-B052-C86619FA83ED}.Debug|x64.ActiveCfg = Debug|Any CPU
		{6EB8DBCE-6329-4771-B052-C86619FA83ED}.Debug|x64.Build.0 = Debug|Any CPU
		{6EB8DBCE-6329-4771-B052-C86619FA83ED}.Debug|x86.ActiveCfg = Debug|Any CPU
		{6EB8DBCE-6329-4771-B052-C86619FA83ED}.Debug|x86.Build.0 = Debug|Any CPU
		{6EB8DBCE-6329-4771-B052-C86619FA83ED}.Release|Any CPU.ActiveCfg = Release|Any CPU
		{6EB8DBCE-6329-4771-B052-C86619FA83ED}.Release|Any CPU.Build.0 = Release|Any CPU
		{6EB8DBCE-6329-4771-B052-C86619FA83ED}.Release|x64.ActiveCfg = Release|Any CPU
		{6EB8DBCE-6329-4771-B052-C86619FA83ED}.Release|x64.Build.0 = Release|Any CPU
		{6EB8DBCE-6329-4771-B052-C86619FA83ED}.Release|x86.ActiveCfg = Release|Any CPU
		{6EB8DBCE-6329-4771-B052-C86619FA83ED}.Release|x86.Build.0 = Release|Any CPU
		{E7EC0AE9-6DA1-419F-8A71-1FF265BE37B9}.Debug|Any CPU.ActiveCfg = Debug|Any CPU
		{E7EC0AE9-6DA1-419F-8A71-1FF265BE37B9}.Debug|Any CPU.Build.0 = Debug|Any CPU
		{E7EC0AE9-6DA1-419F-8A71-1FF265BE37B9}.Debug|x64.ActiveCfg = Debug|Any CPU
		{E7EC0AE9-6DA1-419F-8A71-1FF265BE37B9}.Debug|x64.Build.0 = Debug|Any CPU
		{E7EC0AE9-6DA1-419F-8A71-1FF265BE37B9}.Debug|x86.ActiveCfg = Debug|Any CPU
		{E7EC0AE9-6DA1-419F-8A71-1FF265BE37B9}.Debug|x86.Build.0 = Debug|Any CPU
		{E7EC0AE9-6DA1-419F-8A71-1FF265BE37B9}.Release|Any CPU.ActiveCfg = Release|Any CPU
		{E7EC0AE9-6DA1-419F-8A71-1FF265BE37B9}.Release|Any CPU.Build.0 = Release|Any CPU
		{E7EC0AE9-6DA1-419F-8A71-1FF265BE37B9}.Release|x64.ActiveCfg = Release|Any CPU
		{E7EC0AE9-6DA1-419F-8A71-1FF265BE37B9}.Release|x64.Build.0 = Release|Any CPU
		{E7EC0AE9-6DA1-419F-8A71-1FF265BE37B9}.Release|x86.ActiveCfg = Release|Any CPU
		{E7EC0AE9-6DA1-419F-8A71-1FF265BE37B9}.Release|x86.Build.0 = Release|Any CPU
		{F8F9F433-6DF5-4123-8C56-20C4377383BF}.Debug|Any CPU.ActiveCfg = Debug|Any CPU
		{F8F9F433-6DF5-4123-8C56-20C4377383BF}.Debug|Any CPU.Build.0 = Debug|Any CPU
		{F8F9F433-6DF5-4123-8C56-20C4377383BF}.Debug|x64.ActiveCfg = Debug|Any CPU
		{F8F9F433-6DF5-4123-8C56-20C4377383BF}.Debug|x64.Build.0 = Debug|Any CPU
		{F8F9F433-6DF5-4123-8C56-20C4377383BF}.Debug|x86.ActiveCfg = Debug|Any CPU
		{F8F9F433-6DF5-4123-8C56-20C4377383BF}.Debug|x86.Build.0 = Debug|Any CPU
		{F8F9F433-6DF5-4123-8C56-20C4377383BF}.Release|Any CPU.ActiveCfg = Release|Any CPU
		{F8F9F433-6DF5-4123-8C56-20C4377383BF}.Release|Any CPU.Build.0 = Release|Any CPU
		{F8F9F433-6DF5-4123-8C56-20C4377383BF}.Release|x64.ActiveCfg = Release|Any CPU
		{F8F9F433-6DF5-4123-8C56-20C4377383BF}.Release|x64.Build.0 = Release|Any CPU
		{F8F9F433-6DF5-4123-8C56-20C4377383BF}.Release|x86.ActiveCfg = Release|Any CPU
		{F8F9F433-6DF5-4123-8C56-20C4377383BF}.Release|x86.Build.0 = Release|Any CPU
		{DCA3B1AA-F7BD-4D09-96EF-A331EAF1AF01}.Debug|Any CPU.ActiveCfg = Debug|Any CPU
		{DCA3B1AA-F7BD-4D09-96EF-A331EAF1AF01}.Debug|Any CPU.Build.0 = Debug|Any CPU
		{DCA3B1AA-F7BD-4D09-96EF-A331EAF1AF01}.Debug|x64.ActiveCfg = Debug|Any CPU
		{DCA3B1AA-F7BD-4D09-96EF-A331EAF1AF01}.Debug|x64.Build.0 = Debug|Any CPU
		{DCA3B1AA-F7BD-4D09-96EF-A331EAF1AF01}.Debug|x86.ActiveCfg = Debug|Any CPU
		{DCA3B1AA-F7BD-4D09-96EF-A331EAF1AF01}.Debug|x86.Build.0 = Debug|Any CPU
		{DCA3B1AA-F7BD-4D09-96EF-A331EAF1AF01}.Release|Any CPU.ActiveCfg = Release|Any CPU
		{DCA3B1AA-F7BD-4D09-96EF-A331EAF1AF01}.Release|Any CPU.Build.0 = Release|Any CPU
		{DCA3B1AA-F7BD-4D09-96EF-A331EAF1AF01}.Release|x64.ActiveCfg = Release|Any CPU
		{DCA3B1AA-F7BD-4D09-96EF-A331EAF1AF01}.Release|x64.Build.0 = Release|Any CPU
		{DCA3B1AA-F7BD-4D09-96EF-A331EAF1AF01}.Release|x86.ActiveCfg = Release|Any CPU
		{DCA3B1AA-F7BD-4D09-96EF-A331EAF1AF01}.Release|x86.Build.0 = Release|Any CPU
		{A6AB8FF4-0E36-472D-BA10-6CFCC997FCDC}.Debug|Any CPU.ActiveCfg = Debug|Any CPU
		{A6AB8FF4-0E36-472D-BA10-6CFCC997FCDC}.Debug|Any CPU.Build.0 = Debug|Any CPU
		{A6AB8FF4-0E36-472D-BA10-6CFCC997FCDC}.Debug|x64.ActiveCfg = Debug|Any CPU
		{A6AB8FF4-0E36-472D-BA10-6CFCC997FCDC}.Debug|x64.Build.0 = Debug|Any CPU
		{A6AB8FF4-0E36-472D-BA10-6CFCC997FCDC}.Debug|x86.ActiveCfg = Debug|Any CPU
		{A6AB8FF4-0E36-472D-BA10-6CFCC997FCDC}.Debug|x86.Build.0 = Debug|Any CPU
		{A6AB8FF4-0E36-472D-BA10-6CFCC997FCDC}.Release|Any CPU.ActiveCfg = Release|Any CPU
		{A6AB8FF4-0E36-472D-BA10-6CFCC997FCDC}.Release|Any CPU.Build.0 = Release|Any CPU
		{A6AB8FF4-0E36-472D-BA10-6CFCC997FCDC}.Release|x64.ActiveCfg = Release|Any CPU
		{A6AB8FF4-0E36-472D-BA10-6CFCC997FCDC}.Release|x64.Build.0 = Release|Any CPU
		{A6AB8FF4-0E36-472D-BA10-6CFCC997FCDC}.Release|x86.ActiveCfg = Release|Any CPU
		{A6AB8FF4-0E36-472D-BA10-6CFCC997FCDC}.Release|x86.Build.0 = Release|Any CPU
		{4A4E07AC-5360-453A-8F4A-CEC6A35C0EED}.Debug|Any CPU.ActiveCfg = Debug|Any CPU
		{4A4E07AC-5360-453A-8F4A-CEC6A35C0EED}.Debug|Any CPU.Build.0 = Debug|Any CPU
		{4A4E07AC-5360-453A-8F4A-CEC6A35C0EED}.Debug|x64.ActiveCfg = Debug|Any CPU
		{4A4E07AC-5360-453A-8F4A-CEC6A35C0EED}.Debug|x64.Build.0 = Debug|Any CPU
		{4A4E07AC-5360-453A-8F4A-CEC6A35C0EED}.Debug|x86.ActiveCfg = Debug|Any CPU
		{4A4E07AC-5360-453A-8F4A-CEC6A35C0EED}.Debug|x86.Build.0 = Debug|Any CPU
		{4A4E07AC-5360-453A-8F4A-CEC6A35C0EED}.Release|Any CPU.ActiveCfg = Release|Any CPU
		{4A4E07AC-5360-453A-8F4A-CEC6A35C0EED}.Release|Any CPU.Build.0 = Release|Any CPU
		{4A4E07AC-5360-453A-8F4A-CEC6A35C0EED}.Release|x64.ActiveCfg = Release|Any CPU
		{4A4E07AC-5360-453A-8F4A-CEC6A35C0EED}.Release|x64.Build.0 = Release|Any CPU
		{4A4E07AC-5360-453A-8F4A-CEC6A35C0EED}.Release|x86.ActiveCfg = Release|Any CPU
		{4A4E07AC-5360-453A-8F4A-CEC6A35C0EED}.Release|x86.Build.0 = Release|Any CPU
		{CD3C4ACD-ED09-4FC4-86D4-A673E087FB0A}.Debug|Any CPU.ActiveCfg = Debug|Any CPU
		{CD3C4ACD-ED09-4FC4-86D4-A673E087FB0A}.Debug|Any CPU.Build.0 = Debug|Any CPU
		{CD3C4ACD-ED09-4FC4-86D4-A673E087FB0A}.Debug|x64.ActiveCfg = Debug|Any CPU
		{CD3C4ACD-ED09-4FC4-86D4-A673E087FB0A}.Debug|x64.Build.0 = Debug|Any CPU
		{CD3C4ACD-ED09-4FC4-86D4-A673E087FB0A}.Debug|x86.ActiveCfg = Debug|Any CPU
		{CD3C4ACD-ED09-4FC4-86D4-A673E087FB0A}.Debug|x86.Build.0 = Debug|Any CPU
		{CD3C4ACD-ED09-4FC4-86D4-A673E087FB0A}.Release|Any CPU.ActiveCfg = Release|Any CPU
		{CD3C4ACD-ED09-4FC4-86D4-A673E087FB0A}.Release|Any CPU.Build.0 = Release|Any CPU
		{CD3C4ACD-ED09-4FC4-86D4-A673E087FB0A}.Release|x64.ActiveCfg = Release|Any CPU
		{CD3C4ACD-ED09-4FC4-86D4-A673E087FB0A}.Release|x64.Build.0 = Release|Any CPU
		{CD3C4ACD-ED09-4FC4-86D4-A673E087FB0A}.Release|x86.ActiveCfg = Release|Any CPU
		{CD3C4ACD-ED09-4FC4-86D4-A673E087FB0A}.Release|x86.Build.0 = Release|Any CPU
		{7EF45092-EF76-4FD2-A751-2C40F2EBFD44}.Debug|Any CPU.ActiveCfg = Debug|Any CPU
		{7EF45092-EF76-4FD2-A751-2C40F2EBFD44}.Debug|Any CPU.Build.0 = Debug|Any CPU
		{7EF45092-EF76-4FD2-A751-2C40F2EBFD44}.Debug|x64.ActiveCfg = Debug|Any CPU
		{7EF45092-EF76-4FD2-A751-2C40F2EBFD44}.Debug|x64.Build.0 = Debug|Any CPU
		{7EF45092-EF76-4FD2-A751-2C40F2EBFD44}.Debug|x86.ActiveCfg = Debug|Any CPU
		{7EF45092-EF76-4FD2-A751-2C40F2EBFD44}.Debug|x86.Build.0 = Debug|Any CPU
		{7EF45092-EF76-4FD2-A751-2C40F2EBFD44}.Release|Any CPU.ActiveCfg = Release|Any CPU
		{7EF45092-EF76-4FD2-A751-2C40F2EBFD44}.Release|Any CPU.Build.0 = Release|Any CPU
		{7EF45092-EF76-4FD2-A751-2C40F2EBFD44}.Release|x64.ActiveCfg = Release|Any CPU
		{7EF45092-EF76-4FD2-A751-2C40F2EBFD44}.Release|x64.Build.0 = Release|Any CPU
		{7EF45092-EF76-4FD2-A751-2C40F2EBFD44}.Release|x86.ActiveCfg = Release|Any CPU
		{7EF45092-EF76-4FD2-A751-2C40F2EBFD44}.Release|x86.Build.0 = Release|Any CPU
		{6FD192BB-A3D5-45F8-9D0D-DA8B1BAA1355}.Debug|Any CPU.ActiveCfg = Debug|Any CPU
		{6FD192BB-A3D5-45F8-9D0D-DA8B1BAA1355}.Debug|Any CPU.Build.0 = Debug|Any CPU
		{6FD192BB-A3D5-45F8-9D0D-DA8B1BAA1355}.Debug|x64.ActiveCfg = Debug|Any CPU
		{6FD192BB-A3D5-45F8-9D0D-DA8B1BAA1355}.Debug|x64.Build.0 = Debug|Any CPU
		{6FD192BB-A3D5-45F8-9D0D-DA8B1BAA1355}.Debug|x86.ActiveCfg = Debug|Any CPU
		{6FD192BB-A3D5-45F8-9D0D-DA8B1BAA1355}.Debug|x86.Build.0 = Debug|Any CPU
		{6FD192BB-A3D5-45F8-9D0D-DA8B1BAA1355}.Release|Any CPU.ActiveCfg = Release|Any CPU
		{6FD192BB-A3D5-45F8-9D0D-DA8B1BAA1355}.Release|Any CPU.Build.0 = Release|Any CPU
		{6FD192BB-A3D5-45F8-9D0D-DA8B1BAA1355}.Release|x64.ActiveCfg = Release|Any CPU
		{6FD192BB-A3D5-45F8-9D0D-DA8B1BAA1355}.Release|x64.Build.0 = Release|Any CPU
		{6FD192BB-A3D5-45F8-9D0D-DA8B1BAA1355}.Release|x86.ActiveCfg = Release|Any CPU
		{6FD192BB-A3D5-45F8-9D0D-DA8B1BAA1355}.Release|x86.Build.0 = Release|Any CPU
		{27A45697-554F-487C-B3CA-D002C94B9505}.Debug|Any CPU.ActiveCfg = Debug|Any CPU
		{27A45697-554F-487C-B3CA-D002C94B9505}.Debug|Any CPU.Build.0 = Debug|Any CPU
		{27A45697-554F-487C-B3CA-D002C94B9505}.Debug|x64.ActiveCfg = Debug|Any CPU
		{27A45697-554F-487C-B3CA-D002C94B9505}.Debug|x64.Build.0 = Debug|Any CPU
		{27A45697-554F-487C-B3CA-D002C94B9505}.Debug|x86.ActiveCfg = Debug|Any CPU
		{27A45697-554F-487C-B3CA-D002C94B9505}.Debug|x86.Build.0 = Debug|Any CPU
		{27A45697-554F-487C-B3CA-D002C94B9505}.Release|Any CPU.ActiveCfg = Release|Any CPU
		{27A45697-554F-487C-B3CA-D002C94B9505}.Release|Any CPU.Build.0 = Release|Any CPU
		{27A45697-554F-487C-B3CA-D002C94B9505}.Release|x64.ActiveCfg = Release|Any CPU
		{27A45697-554F-487C-B3CA-D002C94B9505}.Release|x64.Build.0 = Release|Any CPU
		{27A45697-554F-487C-B3CA-D002C94B9505}.Release|x86.ActiveCfg = Release|Any CPU
		{27A45697-554F-487C-B3CA-D002C94B9505}.Release|x86.Build.0 = Release|Any CPU
		{7F0558A5-056E-461B-A7F6-600A87201F9F}.Debug|Any CPU.ActiveCfg = Debug|Any CPU
		{7F0558A5-056E-461B-A7F6-600A87201F9F}.Debug|Any CPU.Build.0 = Debug|Any CPU
		{7F0558A5-056E-461B-A7F6-600A87201F9F}.Debug|x64.ActiveCfg = Debug|Any CPU
		{7F0558A5-056E-461B-A7F6-600A87201F9F}.Debug|x64.Build.0 = Debug|Any CPU
		{7F0558A5-056E-461B-A7F6-600A87201F9F}.Debug|x86.ActiveCfg = Debug|Any CPU
		{7F0558A5-056E-461B-A7F6-600A87201F9F}.Debug|x86.Build.0 = Debug|Any CPU
		{7F0558A5-056E-461B-A7F6-600A87201F9F}.Release|Any CPU.ActiveCfg = Release|Any CPU
		{7F0558A5-056E-461B-A7F6-600A87201F9F}.Release|Any CPU.Build.0 = Release|Any CPU
		{7F0558A5-056E-461B-A7F6-600A87201F9F}.Release|x64.ActiveCfg = Release|Any CPU
		{7F0558A5-056E-461B-A7F6-600A87201F9F}.Release|x64.Build.0 = Release|Any CPU
		{7F0558A5-056E-461B-A7F6-600A87201F9F}.Release|x86.ActiveCfg = Release|Any CPU
		{7F0558A5-056E-461B-A7F6-600A87201F9F}.Release|x86.Build.0 = Release|Any CPU
		{C74F8F59-4971-4201-BB41-3474F0902068}.Debug|Any CPU.ActiveCfg = Debug|Any CPU
		{C74F8F59-4971-4201-BB41-3474F0902068}.Debug|Any CPU.Build.0 = Debug|Any CPU
		{C74F8F59-4971-4201-BB41-3474F0902068}.Debug|x64.ActiveCfg = Debug|Any CPU
		{C74F8F59-4971-4201-BB41-3474F0902068}.Debug|x64.Build.0 = Debug|Any CPU
		{C74F8F59-4971-4201-BB41-3474F0902068}.Debug|x86.ActiveCfg = Debug|Any CPU
		{C74F8F59-4971-4201-BB41-3474F0902068}.Debug|x86.Build.0 = Debug|Any CPU
		{C74F8F59-4971-4201-BB41-3474F0902068}.Release|Any CPU.ActiveCfg = Release|Any CPU
		{C74F8F59-4971-4201-BB41-3474F0902068}.Release|Any CPU.Build.0 = Release|Any CPU
		{C74F8F59-4971-4201-BB41-3474F0902068}.Release|x64.ActiveCfg = Release|Any CPU
		{C74F8F59-4971-4201-BB41-3474F0902068}.Release|x64.Build.0 = Release|Any CPU
		{C74F8F59-4971-4201-BB41-3474F0902068}.Release|x86.ActiveCfg = Release|Any CPU
		{C74F8F59-4971-4201-BB41-3474F0902068}.Release|x86.Build.0 = Release|Any CPU
		{ADED4983-F900-4EEF-90CB-6A19D189D2CE}.Debug|Any CPU.ActiveCfg = Debug|Any CPU
		{ADED4983-F900-4EEF-90CB-6A19D189D2CE}.Debug|Any CPU.Build.0 = Debug|Any CPU
		{ADED4983-F900-4EEF-90CB-6A19D189D2CE}.Debug|x64.ActiveCfg = Debug|Any CPU
		{ADED4983-F900-4EEF-90CB-6A19D189D2CE}.Debug|x64.Build.0 = Debug|Any CPU
		{ADED4983-F900-4EEF-90CB-6A19D189D2CE}.Debug|x86.ActiveCfg = Debug|Any CPU
		{ADED4983-F900-4EEF-90CB-6A19D189D2CE}.Debug|x86.Build.0 = Debug|Any CPU
		{ADED4983-F900-4EEF-90CB-6A19D189D2CE}.Release|Any CPU.ActiveCfg = Release|Any CPU
		{ADED4983-F900-4EEF-90CB-6A19D189D2CE}.Release|Any CPU.Build.0 = Release|Any CPU
		{ADED4983-F900-4EEF-90CB-6A19D189D2CE}.Release|x64.ActiveCfg = Release|Any CPU
		{ADED4983-F900-4EEF-90CB-6A19D189D2CE}.Release|x64.Build.0 = Release|Any CPU
		{ADED4983-F900-4EEF-90CB-6A19D189D2CE}.Release|x86.ActiveCfg = Release|Any CPU
		{ADED4983-F900-4EEF-90CB-6A19D189D2CE}.Release|x86.Build.0 = Release|Any CPU
		{85FB4BFE-A3F3-429A-B5F8-2D4F7234FC53}.Debug|Any CPU.ActiveCfg = Debug|Any CPU
		{85FB4BFE-A3F3-429A-B5F8-2D4F7234FC53}.Debug|Any CPU.Build.0 = Debug|Any CPU
		{85FB4BFE-A3F3-429A-B5F8-2D4F7234FC53}.Debug|x64.ActiveCfg = Debug|Any CPU
		{85FB4BFE-A3F3-429A-B5F8-2D4F7234FC53}.Debug|x64.Build.0 = Debug|Any CPU
		{85FB4BFE-A3F3-429A-B5F8-2D4F7234FC53}.Debug|x86.ActiveCfg = Debug|Any CPU
		{85FB4BFE-A3F3-429A-B5F8-2D4F7234FC53}.Debug|x86.Build.0 = Debug|Any CPU
		{85FB4BFE-A3F3-429A-B5F8-2D4F7234FC53}.Release|Any CPU.ActiveCfg = Release|Any CPU
		{85FB4BFE-A3F3-429A-B5F8-2D4F7234FC53}.Release|Any CPU.Build.0 = Release|Any CPU
		{85FB4BFE-A3F3-429A-B5F8-2D4F7234FC53}.Release|x64.ActiveCfg = Release|Any CPU
		{85FB4BFE-A3F3-429A-B5F8-2D4F7234FC53}.Release|x64.Build.0 = Release|Any CPU
		{85FB4BFE-A3F3-429A-B5F8-2D4F7234FC53}.Release|x86.ActiveCfg = Release|Any CPU
		{85FB4BFE-A3F3-429A-B5F8-2D4F7234FC53}.Release|x86.Build.0 = Release|Any CPU
		{5B1A2E82-8D83-48B4-A3E2-9CD7F1FE2663}.Debug|Any CPU.ActiveCfg = Debug|Any CPU
		{5B1A2E82-8D83-48B4-A3E2-9CD7F1FE2663}.Debug|Any CPU.Build.0 = Debug|Any CPU
		{5B1A2E82-8D83-48B4-A3E2-9CD7F1FE2663}.Debug|x64.ActiveCfg = Debug|Any CPU
		{5B1A2E82-8D83-48B4-A3E2-9CD7F1FE2663}.Debug|x64.Build.0 = Debug|Any CPU
		{5B1A2E82-8D83-48B4-A3E2-9CD7F1FE2663}.Debug|x86.ActiveCfg = Debug|Any CPU
		{5B1A2E82-8D83-48B4-A3E2-9CD7F1FE2663}.Debug|x86.Build.0 = Debug|Any CPU
		{5B1A2E82-8D83-48B4-A3E2-9CD7F1FE2663}.Release|Any CPU.ActiveCfg = Release|Any CPU
		{5B1A2E82-8D83-48B4-A3E2-9CD7F1FE2663}.Release|Any CPU.Build.0 = Release|Any CPU
		{5B1A2E82-8D83-48B4-A3E2-9CD7F1FE2663}.Release|x64.ActiveCfg = Release|Any CPU
		{5B1A2E82-8D83-48B4-A3E2-9CD7F1FE2663}.Release|x64.Build.0 = Release|Any CPU
		{5B1A2E82-8D83-48B4-A3E2-9CD7F1FE2663}.Release|x86.ActiveCfg = Release|Any CPU
		{5B1A2E82-8D83-48B4-A3E2-9CD7F1FE2663}.Release|x86.Build.0 = Release|Any CPU
		{3CDE0D7B-3916-4B93-8B83-3B330A8B12F8}.Debug|Any CPU.ActiveCfg = Debug|Any CPU
		{3CDE0D7B-3916-4B93-8B83-3B330A8B12F8}.Debug|Any CPU.Build.0 = Debug|Any CPU
		{3CDE0D7B-3916-4B93-8B83-3B330A8B12F8}.Debug|x64.ActiveCfg = Debug|Any CPU
		{3CDE0D7B-3916-4B93-8B83-3B330A8B12F8}.Debug|x64.Build.0 = Debug|Any CPU
		{3CDE0D7B-3916-4B93-8B83-3B330A8B12F8}.Debug|x86.ActiveCfg = Debug|Any CPU
		{3CDE0D7B-3916-4B93-8B83-3B330A8B12F8}.Debug|x86.Build.0 = Debug|Any CPU
		{3CDE0D7B-3916-4B93-8B83-3B330A8B12F8}.Release|Any CPU.ActiveCfg = Release|Any CPU
		{3CDE0D7B-3916-4B93-8B83-3B330A8B12F8}.Release|Any CPU.Build.0 = Release|Any CPU
		{3CDE0D7B-3916-4B93-8B83-3B330A8B12F8}.Release|x64.ActiveCfg = Release|Any CPU
		{3CDE0D7B-3916-4B93-8B83-3B330A8B12F8}.Release|x64.Build.0 = Release|Any CPU
		{3CDE0D7B-3916-4B93-8B83-3B330A8B12F8}.Release|x86.ActiveCfg = Release|Any CPU
		{3CDE0D7B-3916-4B93-8B83-3B330A8B12F8}.Release|x86.Build.0 = Release|Any CPU
		{8CA16467-F0A1-4396-BFFD-3E4B53A05B83}.Debug|Any CPU.ActiveCfg = Debug|Any CPU
		{8CA16467-F0A1-4396-BFFD-3E4B53A05B83}.Debug|Any CPU.Build.0 = Debug|Any CPU
		{8CA16467-F0A1-4396-BFFD-3E4B53A05B83}.Debug|x64.ActiveCfg = Debug|Any CPU
		{8CA16467-F0A1-4396-BFFD-3E4B53A05B83}.Debug|x64.Build.0 = Debug|Any CPU
		{8CA16467-F0A1-4396-BFFD-3E4B53A05B83}.Debug|x86.ActiveCfg = Debug|Any CPU
		{8CA16467-F0A1-4396-BFFD-3E4B53A05B83}.Debug|x86.Build.0 = Debug|Any CPU
		{8CA16467-F0A1-4396-BFFD-3E4B53A05B83}.Release|Any CPU.ActiveCfg = Release|Any CPU
		{8CA16467-F0A1-4396-BFFD-3E4B53A05B83}.Release|Any CPU.Build.0 = Release|Any CPU
		{8CA16467-F0A1-4396-BFFD-3E4B53A05B83}.Release|x64.ActiveCfg = Release|Any CPU
		{8CA16467-F0A1-4396-BFFD-3E4B53A05B83}.Release|x64.Build.0 = Release|Any CPU
		{8CA16467-F0A1-4396-BFFD-3E4B53A05B83}.Release|x86.ActiveCfg = Release|Any CPU
		{8CA16467-F0A1-4396-BFFD-3E4B53A05B83}.Release|x86.Build.0 = Release|Any CPU
		{58F68C46-E226-4959-8B90-E37116FEF1D2}.Debug|Any CPU.ActiveCfg = Debug|Any CPU
		{58F68C46-E226-4959-8B90-E37116FEF1D2}.Debug|Any CPU.Build.0 = Debug|Any CPU
		{58F68C46-E226-4959-8B90-E37116FEF1D2}.Debug|x64.ActiveCfg = Debug|Any CPU
		{58F68C46-E226-4959-8B90-E37116FEF1D2}.Debug|x64.Build.0 = Debug|Any CPU
		{58F68C46-E226-4959-8B90-E37116FEF1D2}.Debug|x86.ActiveCfg = Debug|Any CPU
		{58F68C46-E226-4959-8B90-E37116FEF1D2}.Debug|x86.Build.0 = Debug|Any CPU
		{58F68C46-E226-4959-8B90-E37116FEF1D2}.Release|Any CPU.ActiveCfg = Release|Any CPU
		{58F68C46-E226-4959-8B90-E37116FEF1D2}.Release|Any CPU.Build.0 = Release|Any CPU
		{58F68C46-E226-4959-8B90-E37116FEF1D2}.Release|x64.ActiveCfg = Release|Any CPU
		{58F68C46-E226-4959-8B90-E37116FEF1D2}.Release|x64.Build.0 = Release|Any CPU
		{58F68C46-E226-4959-8B90-E37116FEF1D2}.Release|x86.ActiveCfg = Release|Any CPU
		{58F68C46-E226-4959-8B90-E37116FEF1D2}.Release|x86.Build.0 = Release|Any CPU
		{7AD73058-9BED-4FB9-9546-16CF4C2F7994}.Debug|Any CPU.ActiveCfg = Debug|Any CPU
		{7AD73058-9BED-4FB9-9546-16CF4C2F7994}.Debug|Any CPU.Build.0 = Debug|Any CPU
		{7AD73058-9BED-4FB9-9546-16CF4C2F7994}.Debug|x64.ActiveCfg = Debug|Any CPU
		{7AD73058-9BED-4FB9-9546-16CF4C2F7994}.Debug|x64.Build.0 = Debug|Any CPU
		{7AD73058-9BED-4FB9-9546-16CF4C2F7994}.Debug|x86.ActiveCfg = Debug|Any CPU
		{7AD73058-9BED-4FB9-9546-16CF4C2F7994}.Debug|x86.Build.0 = Debug|Any CPU
		{7AD73058-9BED-4FB9-9546-16CF4C2F7994}.Release|Any CPU.ActiveCfg = Release|Any CPU
		{7AD73058-9BED-4FB9-9546-16CF4C2F7994}.Release|Any CPU.Build.0 = Release|Any CPU
		{7AD73058-9BED-4FB9-9546-16CF4C2F7994}.Release|x64.ActiveCfg = Release|Any CPU
		{7AD73058-9BED-4FB9-9546-16CF4C2F7994}.Release|x64.Build.0 = Release|Any CPU
		{7AD73058-9BED-4FB9-9546-16CF4C2F7994}.Release|x86.ActiveCfg = Release|Any CPU
		{7AD73058-9BED-4FB9-9546-16CF4C2F7994}.Release|x86.Build.0 = Release|Any CPU
	EndGlobalSection
	GlobalSection(SolutionProperties) = preSolution
		HideSolutionNode = FALSE
	EndGlobalSection
	GlobalSection(NestedProjects) = preSolution
		{8F2A1B6C-7D3E-4F50-9C61-A8E2B4D5F671} = {827E0CD3-B72D-47B6-A68D-7590B98EB39B}
		{15E10F2A-5805-4E70-ADE1-FEE7DA86AB54} = {0AB3BF05-4346-4AA6-1389-037BE0695223}
		{EC240BD6-3D37-4ED9-82C2-88BEE0A00FB3} = {0AB3BF05-4346-4AA6-1389-037BE0695223}
		{E602BFBA-DE7B-4C54-A1B4-D42827E46D91} = {0AB3BF05-4346-4AA6-1389-037BE0695223}
		{E032A2D5-C4A0-4E85-8D10-3A0D3B4144E5} = {0AB3BF05-4346-4AA6-1389-037BE0695223}
		{6FA86D72-BAEC-4B23-8EE0-CF7725E4BD3D} = {827E0CD3-B72D-47B6-A68D-7590B98EB39B}
		{AE285A79-B7A3-40A2-932E-C8F194CBF780} = {0AB3BF05-4346-4AA6-1389-037BE0695223}
		{BA94AC61-9842-4F07-B871-E4801B39D621} = {0AB3BF05-4346-4AA6-1389-037BE0695223}
		{A077F367-021A-4BC4-8545-6D97DCD84AC6} = {827E0CD3-B72D-47B6-A68D-7590B98EB39B}
		{241A15C1-E00C-404E-944F-804B892EFF80} = {0AB3BF05-4346-4AA6-1389-037BE0695223}
		{749B4B53-BE5E-46E2-BC76-300B57E10D93} = {827E0CD3-B72D-47B6-A68D-7590B98EB39B}
		{35C501C9-8590-3B46-F622-E1ABED50CEA9} = {0AB3BF05-4346-4AA6-1389-037BE0695223}
		{C59E4B2D-6042-4BAB-A7A8-37DF5CC69CCA} = {35C501C9-8590-3B46-F622-E1ABED50CEA9}
		{B5E1F032-7A2B-4C4D-9F31-9BFC4D70A851} = {827E0CD3-B72D-47B6-A68D-7590B98EB39B}
		{C7F4A192-3DAC-485E-A12B-CE2BF1C20851} = {0AB3BF05-4346-4AA6-1389-037BE0695223}
		{91D12726-7DFA-4682-B72D-54C1279F4936} = {66320409-64EC-F7C5-3DEF-65E7510DAAD1}
		{2B9E73B2-81D7-4B5E-B812-57C7638CD90E} = {827E0CD3-B72D-47B6-A68D-7590B98EB39B}
		{4F3324D6-1F46-4EA2-AB5D-3C951B8399B3} = {35C501C9-8590-3B46-F622-E1ABED50CEA9}
		{C3BEA6ED-1ED5-4B70-AF59-6153682585C2} = {827E0CD3-B72D-47B6-A68D-7590B98EB39B}
		{9CB6F100-3EEC-4B5B-9B7D-983177106DFC} = {35C501C9-8590-3B46-F622-E1ABED50CEA9}
		{7396C406-0E2F-44FC-BD96-D3ACED3C6490} = {35C501C9-8590-3B46-F622-E1ABED50CEA9}
		{9B1B05C1-04BA-4EA6-B182-1FAE4266305B} = {35C501C9-8590-3B46-F622-E1ABED50CEA9}
		{3F7E45FA-27F8-4DC8-A7E7-72BAC722AC5F} = {35C501C9-8590-3B46-F622-E1ABED50CEA9}
		{6EB8DBCE-6329-4771-B052-C86619FA83ED} = {35C501C9-8590-3B46-F622-E1ABED50CEA9}
		{E7EC0AE9-6DA1-419F-8A71-1FF265BE37B9} = {35C501C9-8590-3B46-F622-E1ABED50CEA9}
		{F8F9F433-6DF5-4123-8C56-20C4377383BF} = {35C501C9-8590-3B46-F622-E1ABED50CEA9}
		{DCA3B1AA-F7BD-4D09-96EF-A331EAF1AF01} = {827E0CD3-B72D-47B6-A68D-7590B98EB39B}
		{A6AB8FF4-0E36-472D-BA10-6CFCC997FCDC} = {827E0CD3-B72D-47B6-A68D-7590B98EB39B}
		{4A4E07AC-5360-453A-8F4A-CEC6A35C0EED} = {827E0CD3-B72D-47B6-A68D-7590B98EB39B}
		{CD3C4ACD-ED09-4FC4-86D4-A673E087FB0A} = {827E0CD3-B72D-47B6-A68D-7590B98EB39B}
		{7EF45092-EF76-4FD2-A751-2C40F2EBFD44} = {827E0CD3-B72D-47B6-A68D-7590B98EB39B}
		{6FD192BB-A3D5-45F8-9D0D-DA8B1BAA1355} = {827E0CD3-B72D-47B6-A68D-7590B98EB39B}
		{27A45697-554F-487C-B3CA-D002C94B9505} = {827E0CD3-B72D-47B6-A68D-7590B98EB39B}
		{7F0558A5-056E-461B-A7F6-600A87201F9F} = {827E0CD3-B72D-47B6-A68D-7590B98EB39B}
		{ADED4983-F900-4EEF-90CB-6A19D189D2CE} = {827E0CD3-B72D-47B6-A68D-7590B98EB39B}
		{85FB4BFE-A3F3-429A-B5F8-2D4F7234FC53} = {827E0CD3-B72D-47B6-A68D-7590B98EB39B}
		{5B1A2E82-8D83-48B4-A3E2-9CD7F1FE2663} = {827E0CD3-B72D-47B6-A68D-7590B98EB39B}
		{3CDE0D7B-3916-4B93-8B83-3B330A8B12F8} = {827E0CD3-B72D-47B6-A68D-7590B98EB39B}
		{8CA16467-F0A1-4396-BFFD-3E4B53A05B83} = {827E0CD3-B72D-47B6-A68D-7590B98EB39B}
		{58F68C46-E226-4959-8B90-E37116FEF1D2} = {827E0CD3-B72D-47B6-A68D-7590B98EB39B}
		{7AD73058-9BED-4FB9-9546-16CF4C2F7994} = {827E0CD3-B72D-47B6-A68D-7590B98EB39B}
	EndGlobalSection
EndGlobal
