<Solution>
  <Folder Name="/examples/">
    <Project Path="examples/ConsoleClient/ConsoleClient.csproj" />
  </Folder>
  <Project Path="Honua.Mobile.Core.Tests/Honua.Mobile.Core.Tests.csproj" />
  <Project Path="Honua.Mobile.Core/Honua.Mobile.Core.csproj" />
  <Project Path="Honua.Mobile.Maui/Honua.Mobile.Maui.csproj" />
  <Project Path="Honua.Mobile.Storage.Tests/Honua.Mobile.Storage.Tests.csproj" />
  <Project Path="Honua.Mobile.Storage/Honua.Mobile.Storage.csproj" />
</Solution>
