{
  "name": "honua-esri-leaflet-tests",
  "version": "1.0.0",
  "lockfileVersion": 3,
  "requires": true,
  "packages": {
    "": {
      "name": "honua-esri-leaflet-tests",
      "version": "1.0.0",
      "dependencies": {
        "@maplibre/maplibre-gl-style-spec": "^24.8.1",
        "esri-leaflet": "^3.0.14",
        "esri-leaflet-renderers": "^3.0.1",
        "leaflet": "^1.9.4",
        "maplibre-gl": "^5.0.0"
      },
      "devDependencies": {
        "@playwright/test": "^1.52.0",
        "@types/node": "^20.10.0",
        "typescript": "^5.3.0"
      },
      "engines": {
        "node": ">=20.11.0"
      }
    },
    "node_modules/@mapbox/jsonlint-lines-primitives": {
      "version": "2.0.2",
      "resolved": "https://registry.npmjs.org/@mapbox/jsonlint-lines-primitives/-/jsonlint-lines-primitives-2.0.2.tgz",
      "integrity": "sha512-rY0o9A5ECsTQRVhv7tL/OyDpGAoUB4tTvLiW1DSzQGq4bvTPhNw1VpSNjDJc5GFZ2XuyOtSWSVN05qOtcD71qQ==",
      "engines": {
        "node": ">= 0.6"
      }
    },
    "node_modules/@mapbox/point-geometry": {
      "version": "1.1.0",
      "resolved": "https://registry.npmjs.org/@mapbox/point-geometry/-/point-geometry-1.1.0.tgz",
      "integrity": "sha512-YGcBz1cg4ATXDCM/71L9xveh4dynfGmcLDqufR+nQQy3fKwsAZsWd/x4621/6uJaeB9mwOHE6hPeDgXz9uViUQ==",
      "license": "ISC"
    },
    "node_modules/@mapbox/tiny-sdf": {
      "version": "2.1.0",
      "resolved": "https://registry.npmjs.org/@mapbox/tiny-sdf/-/tiny-sdf-2.1.0.tgz",
      "integrity": "sha512-uFJhNh36BR4OCuWIEiWaEix9CA2WzT6CAIcqVjWYpnx8+QDtS+oC4QehRrx5cX4mgWs37MmKnwUejeHxVymzNg==",
      "license": "BSD-2-Clause"
    },
    "node_modules/@mapbox/unitbezier": {
      "version": "0.0.1",
      "resolved": "https://registry.npmjs.org/@mapbox/unitbezier/-/unitbezier-0.0.1.tgz",
      "integrity": "sha512-nMkuDXFv60aBr9soUG5q+GvZYL+2KZHVvsqFCzqnkGEf46U2fvmytHaEVc1/YZbiLn8X+eR3QzX1+dwDO1lxlw==",
      "license": "BSD-2-Clause"
    },
    "node_modules/@mapbox/vector-tile": {
      "version": "2.0.4",
      "resolved": "https://registry.npmjs.org/@mapbox/vector-tile/-/vector-tile-2.0.4.tgz",
      "integrity": "sha512-AkOLcbgGTdXScosBWwmmD7cDlvOjkg/DetGva26pIRiZPdeJYjYKarIlb4uxVzi6bwHO6EWH82eZ5Nuv4T5DUg==",
      "license": "BSD-3-Clause",
      "dependencies": {
        "@mapbox/point-geometry": "~1.1.0",
        "@types/geojson": "^7946.0.16",
        "pbf": "^4.0.1"
      }
    },
    "node_modules/@mapbox/whoots-js": {
      "version": "3.1.0",
      "resolved": "https://registry.npmjs.org/@mapbox/whoots-js/-/whoots-js-3.1.0.tgz",
      "integrity": "sha512-Es6WcD0nO5l+2BOQS4uLfNPYQaNDfbot3X1XUoloz+x0mPDS3eeORZJl06HXjwBG1fOGwCRnzK88LMdxKRrd6Q==",
      "license": "ISC",
      "engines": {
        "node": ">=6.0.0"
      }
    },
    "node_modules/@maplibre/geojson-vt": {
      "version": "6.0.4",
      "resolved": "https://registry.npmjs.org/@maplibre/geojson-vt/-/geojson-vt-6.0.4.tgz",
      "integrity": "sha512-HYv3POhMRCdhP3UPPATM/hfcy6/WuVIf5FKboH8u/ZuFMTnAIcSVlq5nfOqroLokd925w2QtE7YwquFOIacwVQ==",
      "license": "ISC",
      "dependencies": {
        "kdbush": "^4.0.2"
      }
    },
    "node_modules/@maplibre/maplibre-gl-style-spec": {
      "version": "24.8.1",
      "resolved": "https://registry.npmjs.org/@maplibre/maplibre-gl-style-spec/-/maplibre-gl-style-spec-24.8.1.tgz",
      "integrity": "sha512-zxa92qF96ZNojLxeAjnaRpjVCy+swoUNJvDhtpC90k7u5F0TMr4GmvNqMKvYrMoPB8d7gRSXbMG1hBbmgESIsw==",
      "license": "ISC",
      "dependencies": {
        "@mapbox/jsonlint-lines-primitives": "~2.0.2",
        "@mapbox/unitbezier": "^0.0.1",
        "json-stringify-pretty-compact": "^4.0.0",
        "minimist": "^1.2.8",
        "quickselect": "^3.0.0",
        "rw": "^1.3.3",
        "tinyqueue": "^3.0.0"
      },
      "bin": {
        "gl-style-format": "dist/gl-style-format.mjs",
        "gl-style-migrate": "dist/gl-style-migrate.mjs",
        "gl-style-validate": "dist/gl-style-validate.mjs"
      }
    },
    "node_modules/@maplibre/mlt": {
      "version": "1.1.8",
      "resolved": "https://registry.npmjs.org/@maplibre/mlt/-/mlt-1.1.8.tgz",
      "integrity": "sha512-8vtfYGidr1rNkv5IwIoU2lfe3Oy+Wa8HluzQYcQi9cveU9K3pweAal/poQj4GJ0K/EW4bTQp2wVAs09g2yDRZg==",
      "license": "(MIT OR Apache-2.0)",
      "dependencies": {
        "@mapbox/point-geometry": "^1.1.0"
      }
    },
    "node_modules/@maplibre/vt-pbf": {
      "version": "4.3.0",
      "resolved": "https://registry.npmjs.org/@maplibre/vt-pbf/-/vt-pbf-4.3.0.tgz",
      "integrity": "sha512-jIvp8F5hQCcreqOOpEt42TJMUlsrEcpf/kI1T2v85YrQRV6PPXUcEXUg5karKtH6oh47XJZ4kHu56pUkOuqA7w==",
      "license": "MIT",
      "dependencies": {
        "@mapbox/point-geometry": "^1.1.0",
        "@mapbox/vector-tile": "^2.0.4",
        "@maplibre/geojson-vt": "^5.0.4",
        "@types/geojson": "^7946.0.16",
        "@types/supercluster": "^7.1.3",
        "pbf": "^4.0.1",
        "supercluster": "^8.0.1"
      }
    },
    "node_modules/@maplibre/vt-pbf/node_modules/@maplibre/geojson-vt": {
      "version": "5.0.4",
      "resolved": "https://registry.npmjs.org/@maplibre/geojson-vt/-/geojson-vt-5.0.4.tgz",
      "integrity": "sha512-KGg9sma45S+stfH9vPCJk1J0lSDLWZgCT9Y8u8qWZJyjFlP8MNP1WGTxIMYJZjDvVT3PDn05kN1C95Sut1HpgQ==",
      "license": "ISC"
    },
    "node_modules/@playwright/test": {
      "version": "1.59.1",
      "resolved": "https://registry.npmjs.org/@playwright/test/-/test-1.59.1.tgz",
      "integrity": "sha512-PG6q63nQg5c9rIi4/Z5lR5IVF7yU5MqmKaPOe0HSc0O2cX1fPi96sUQu5j7eo4gKCkB2AnNGoWt7y4/Xx3Kcqg==",
      "dev": true,
      "license": "Apache-2.0",
      "dependencies": {
        "playwright": "1.59.1"
      },
      "bin": {
        "playwright": "cli.js"
      },
      "engines": {
        "node": ">=18"
      }
    },
    "node_modules/@terraformer/arcgis": {
      "version": "2.1.2",
      "resolved": "https://registry.npmjs.org/@terraformer/arcgis/-/arcgis-2.1.2.tgz",
      "integrity": "sha512-IvdfqehcNAUtKU1OFMKwPT8EvdKlVFZ7q7ZKzkIF8XzYZIVsZLuXuOS1UBdRh5u/o+X5Gax7jiZhD8U/4TV+Jw==",
      "license": "MIT",
      "dependencies": {
        "@terraformer/common": "^2.1.2"
      }
    },
    "node_modules/@terraformer/common": {
      "version": "2.1.2",
      "resolved": "https://registry.npmjs.org/@terraformer/common/-/common-2.1.2.tgz",
      "integrity": "sha512-cwPdTFzIpekZhZRrgDEkqLKNPoqbyCBQHiemaovnGIeUx0Pl336MY/eCxzJ5zXkrQLVo9zPalq/vYW5HnyKevQ==",
      "license": "MIT"
    },
    "node_modules/@types/geojson": {
      "version": "7946.0.16",
      "resolved": "https://registry.npmjs.org/@types/geojson/-/geojson-7946.0.16.tgz",
      "integrity": "sha512-6C8nqWur3j98U6+lXDfTUWIfgvZU+EumvpHKcYjujKH7woYyLj2sUmff0tRhrqM7BohUw7Pz3ZB1jj2gW9Fvmg==",
      "license": "MIT"
    },
    "node_modules/@types/node": {
      "version": "20.19.39",
      "resolved": "https://registry.npmjs.org/@types/node/-/node-20.19.39.tgz",
      "integrity": "sha512-orrrD74MBUyK8jOAD/r0+lfa1I2MO6I+vAkmAWzMYbCcgrN4lCrmK52gRFQq/JRxfYPfonkr4b0jcY7Olqdqbw==",
      "dev": true,
      "license": "MIT",
      "dependencies": {
        "undici-types": "~6.21.0"
      }
    },
    "node_modules/@types/supercluster": {
      "version": "7.1.3",
      "resolved": "https://registry.npmjs.org/@types/supercluster/-/supercluster-7.1.3.tgz",
      "integrity": "sha512-Z0pOY34GDFl3Q6hUFYf3HkTwKEE02e7QgtJppBt+beEAxnyOpJua+voGFvxINBHa06GwLFFym7gRPY2SiKIfIA==",
      "license": "MIT",
      "dependencies": {
        "@types/geojson": "*"
      }
    },
    "node_modules/earcut": {
      "version": "3.0.2",
      "resolved": "https://registry.npmjs.org/earcut/-/earcut-3.0.2.tgz",
      "integrity": "sha512-X7hshQbLyMJ/3RPhyObLARM2sNxxmRALLKx1+NVFFnQ9gKzmCrxm9+uLIAdBcvc8FNLpctqlQ2V6AE92Ol9UDQ==",
      "license": "ISC"
    },
    "node_modules/esri-leaflet": {
      "version": "3.0.19",
      "resolved": "https://registry.npmjs.org/esri-leaflet/-/esri-leaflet-3.0.19.tgz",
      "integrity": "sha512-GBMRuRV0zyzVSxdImwKnnTh3ptMvzeaGdnsL68BwPLebibEOsgquRKArwLNpuIz0E03SXccaJafiDLCGvp2PGQ==",
      "license": "Apache-2.0",
      "dependencies": {
        "@terraformer/arcgis": "^2.1.0",
        "tiny-binary-search": "^1.0.3"
      },
      "peerDependencies": {
        "leaflet": "^1.0.0"
      }
    },
    "node_modules/esri-leaflet-cluster": {
      "version": "3.0.1",
      "resolved": "https://registry.npmjs.org/esri-leaflet-cluster/-/esri-leaflet-cluster-3.0.1.tgz",
      "integrity": "sha512-rqI4inhOzqZqGj0nfYNdfnDI51mGEpdefw4M4WoA0ig1FVh0V5W9ecRuHXbaBim+R7SSKMwY30S2wKipcYoF2w==",
      "license": "Apache-2.0",
      "optional": true,
      "peerDependencies": {
        "esri-leaflet": "*",
        "leaflet": "*",
        "leaflet.markercluster": "^1.0.0"
      }
    },
    "node_modules/esri-leaflet-renderers": {
      "version": "3.0.1",
      "resolved": "https://registry.npmjs.org/esri-leaflet-renderers/-/esri-leaflet-renderers-3.0.1.tgz",
      "integrity": "sha512-bVLdRc4cT6ocBWM9Z2c+PX/x6/4yrjW3Y4SWHCgTxL8s59EA37YZHtn5/g+HmVqPPX1K5dgSPlm4Vvf7/SSKPw==",
      "license": "Apache-2.0",
      "optionalDependencies": {
        "esri-leaflet-cluster": "^3.0.0"
      },
      "peerDependencies": {
        "esri-leaflet": "3.x",
        "leaflet": "1.x",
        "leaflet-shape-markers": "1.x"
      }
    },
    "node_modules/fsevents": {
      "version": "2.3.2",
      "resolved": "https://registry.npmjs.org/fsevents/-/fsevents-2.3.2.tgz",
      "integrity": "sha512-xiqMQR4xAeHTuB9uWm+fFRcIOgKBMiOBP+eXiyT7jsgVCq1bkVygt00oASowB7EdtpOHaaPgKt812P9ab+DDKA==",
      "dev": true,
      "hasInstallScript": true,
      "license": "MIT",
      "optional": true,
      "os": [
        "darwin"
      ],
      "engines": {
        "node": "^8.16.0 || ^10.6.0 || >=11.0.0"
      }
    },
    "node_modules/gl-matrix": {
      "version": "3.4.4",
      "resolved": "https://registry.npmjs.org/gl-matrix/-/gl-matrix-3.4.4.tgz",
      "integrity": "sha512-latSnyDNt/8zYUB6VIJ6PCh2jBjJX6gnDsoCZ7LyW7GkqrD51EWwa9qCoGixj8YqBtETQK/xY7OmpTF8xz1DdQ==",
      "license": "MIT"
    },
    "node_modules/json-stringify-pretty-compact": {
      "version": "4.0.0",
      "resolved": "https://registry.npmjs.org/json-stringify-pretty-compact/-/json-stringify-pretty-compact-4.0.0.tgz",
      "integrity": "sha512-3CNZ2DnrpByG9Nqj6Xo8vqbjT4F6N+tb4Gb28ESAZjYZ5yqvmc56J+/kuIwkaAMOyblTQhUW7PxMkUb8Q36N3Q==",
      "license": "MIT"
    },
    "node_modules/kdbush": {
      "version": "4.0.2",
      "resolved": "https://registry.npmjs.org/kdbush/-/kdbush-4.0.2.tgz",
      "integrity": "sha512-WbCVYJ27Sz8zi9Q7Q0xHC+05iwkm3Znipc2XTlrnJbsHMYktW4hPhXUE8Ys1engBrvffoSCqbil1JQAa7clRpA==",
      "license": "ISC"
    },
    "node_modules/leaflet": {
      "version": "1.9.4",
      "resolved": "https://registry.npmjs.org/leaflet/-/leaflet-1.9.4.tgz",
      "integrity": "sha512-nxS1ynzJOmOlHp+iL3FyWqK89GtNL8U8rvlMOsQdTTssxZwCXh8N2NB3GDQOL+YR3XnWyZAxwQixURb+FA74PA==",
      "license": "BSD-2-Clause"
    },
    "node_modules/leaflet-shape-markers": {
      "version": "1.0.6",
      "resolved": "https://registry.npmjs.org/leaflet-shape-markers/-/leaflet-shape-markers-1.0.6.tgz",
      "integrity": "sha512-yoGE03cTAKQOHgyAi5wVO1O5iO2BJREv+Fp8UbHUx6feiH8kNFxvjGszCOPiYqjx8Q2pPaZy5ifZ+nBr6knRkQ==",
      "license": "Apache-2.0",
      "peer": true,
      "dependencies": {
        "leaflet": "^1.0.0"
      }
    },
    "node_modules/leaflet.markercluster": {
      "version": "1.5.3",
      "resolved": "https://registry.npmjs.org/leaflet.markercluster/-/leaflet.markercluster-1.5.3.tgz",
      "integrity": "sha512-vPTw/Bndq7eQHjLBVlWpnGeLa3t+3zGiuM7fJwCkiMFq+nmRuG3RI3f7f4N4TDX7T4NpbAXpR2+NTRSEGfCSeA==",
      "license": "MIT",
      "optional": true,
      "peer": true,
      "peerDependencies": {
        "leaflet": "^1.3.1"
      }
    },
    "node_modules/maplibre-gl": {
      "version": "5.22.0",
      "resolved": "https://registry.npmjs.org/maplibre-gl/-/maplibre-gl-5.22.0.tgz",
      "integrity": "sha512-nc8YA+YSEioMZg5W0cb6Cf3wQ8aJge66dsttyBgpOArOnlmFJO1Kc5G32kYVPeUYhLpBja83T99uanmJvYAIyQ==",
      "license": "BSD-3-Clause",
      "dependencies": {
        "@mapbox/jsonlint-lines-primitives": "^2.0.2",
        "@mapbox/point-geometry": "^1.1.0",
        "@mapbox/tiny-sdf": "^2.0.7",
        "@mapbox/unitbezier": "^0.0.1",
        "@mapbox/vector-tile": "^2.0.4",
        "@mapbox/whoots-js": "^3.1.0",
        "@maplibre/geojson-vt": "^6.0.4",
        "@maplibre/maplibre-gl-style-spec": "^24.8.1",
        "@maplibre/mlt": "^1.1.8",
        "@maplibre/vt-pbf": "^4.3.0",
        "@types/geojson": "^7946.0.16",
        "earcut": "^3.0.2",
        "gl-matrix": "^3.4.4",
        "kdbush": "^4.0.2",
        "murmurhash-js": "^1.0.0",
        "pbf": "^4.0.1",
        "potpack": "^2.1.0",
        "quickselect": "^3.0.0",
        "tinyqueue": "^3.0.0"
      },
      "engines": {
        "node": ">=16.14.0",
        "npm": ">=8.1.0"
      },
      "funding": {
        "url": "https://github.com/maplibre/maplibre-gl-js?sponsor=1"
      }
    },
    "node_modules/minimist": {
      "version": "1.2.8",
      "resolved": "https://registry.npmjs.org/minimist/-/minimist-1.2.8.tgz",
      "integrity": "sha512-2yyAR8qBkN3YuheJanUpWC5U3bb5osDywNB8RzDVlDwDHbocAJveqqj1u8+SVD7jkWT4yvsHCpWqqWqAxb0zCA==",
      "license": "MIT",
      "funding": {
        "url": "https://github.com/sponsors/ljharb"
      }
    },
    "node_modules/murmurhash-js": {
      "version": "1.0.0",
      "resolved": "https://registry.npmjs.org/murmurhash-js/-/murmurhash-js-1.0.0.tgz",
      "integrity": "sha512-TvmkNhkv8yct0SVBSy+o8wYzXjE4Zz3PCesbfs8HiCXXdcTuocApFv11UWlNFWKYsP2okqrhb7JNlSm9InBhIw==",
      "license": "MIT"
    },
    "node_modules/pbf": {
      "version": "4.0.1",
      "resolved": "https://registry.npmjs.org/pbf/-/pbf-4.0.1.tgz",
      "integrity": "sha512-SuLdBvS42z33m8ejRbInMapQe8n0D3vN/Xd5fmWM3tufNgRQFBpaW2YVJxQZV4iPNqb0vEFvssMEo5w9c6BTIA==",
      "license": "BSD-3-Clause",
      "dependencies": {
        "resolve-protobuf-schema": "^2.1.0"
      },
      "bin": {
        "pbf": "bin/pbf"
      }
    },
    "node_modules/playwright": {
      "version": "1.59.1",
      "resolved": "https://registry.npmjs.org/playwright/-/playwright-1.59.1.tgz",
      "integrity": "sha512-C8oWjPR3F81yljW9o5OxcWzfh6avkVwDD2VYdwIGqTkl+OGFISgypqzfu7dOe4QNLL2aqcWBmI3PMtLIK233lw==",
      "dev": true,
      "license": "Apache-2.0",
      "dependencies": {
        "playwright-core": "1.59.1"
      },
      "bin": {
        "playwright": "cli.js"
      },
      "engines": {
        "node": ">=18"
      },
      "optionalDependencies": {
        "fsevents": "2.3.2"
      }
    },
    "node_modules/playwright-core": {
      "version": "1.59.1",
      "resolved": "https://registry.npmjs.org/playwright-core/-/playwright-core-1.59.1.tgz",
      "integrity": "sha512-HBV/RJg81z5BiiZ9yPzIiClYV/QMsDCKUyogwH9p3MCP6IYjUFu/MActgYAvK0oWyV9NlwM3GLBjADyWgydVyg==",
      "dev": true,
      "license": "Apache-2.0",
      "bin": {
        "playwright-core": "cli.js"
      },
      "engines": {
        "node": ">=18"
      }
    },
    "node_modules/potpack": {
      "version": "2.1.0",
      "resolved": "https://registry.npmjs.org/potpack/-/potpack-2.1.0.tgz",
      "integrity": "sha512-pcaShQc1Shq0y+E7GqJqvZj8DTthWV1KeHGdi0Z6IAin2Oi3JnLCOfwnCo84qc+HAp52wT9nK9H7FAJp5a44GQ==",
      "license": "ISC"
    },
    "node_modules/protocol-buffers-schema": {
      "version": "3.6.1",
      "resolved": "https://registry.npmjs.org/protocol-buffers-schema/-/protocol-buffers-schema-3.6.1.tgz",
      "integrity": "sha512-VG2K63Igkiv9p76tk1lilczEK1cT+kCjKtkdhw1dQZV3k3IXJbd3o6Ho8b9zJZaHSnT2hKe4I+ObmX9w6m5SmQ==",
      "license": "MIT"
    },
    "node_modules/quickselect": {
      "version": "3.0.0",
      "resolved": "https://registry.npmjs.org/quickselect/-/quickselect-3.0.0.tgz",
      "integrity": "sha512-XdjUArbK4Bm5fLLvlm5KpTFOiOThgfWWI4axAZDWg4E/0mKdZyI9tNEfds27qCi1ze/vwTR16kvmmGhRra3c2g==",
      "license": "ISC"
    },
    "node_modules/resolve-protobuf-schema": {
      "version": "2.1.0",
      "resolved": "https://registry.npmjs.org/resolve-protobuf-schema/-/resolve-protobuf-schema-2.1.0.tgz",
      "integrity": "sha512-kI5ffTiZWmJaS/huM8wZfEMer1eRd7oJQhDuxeCLe3t7N7mX3z94CN0xPxBQxFYQTSNz9T0i+v6inKqSdK8xrQ==",
      "license": "MIT",
      "dependencies": {
        "protocol-buffers-schema": "^3.3.1"
      }
    },
    "node_modules/rw": {
      "version": "1.3.3",
      "resolved": "https://registry.npmjs.org/rw/-/rw-1.3.3.tgz",
      "integrity": "sha512-PdhdWy89SiZogBLaw42zdeqtRJ//zFd2PgQavcICDUgJT5oW10QCRKbJ6bg4r0/UY2M6BWd5tkxuGFRvCkgfHQ==",
      "license": "BSD-3-Clause"
    },
    "node_modules/supercluster": {
      "version": "8.0.1",
      "resolved": "https://registry.npmjs.org/supercluster/-/supercluster-8.0.1.tgz",
      "integrity": "sha512-IiOea5kJ9iqzD2t7QJq/cREyLHTtSmUT6gQsweojg9WH2sYJqZK9SswTu6jrscO6D1G5v5vYZ9ru/eq85lXeZQ==",
      "license": "ISC",
      "dependencies": {
        "kdbush": "^4.0.2"
      }
    },
    "node_modules/tiny-binary-search": {
      "version": "1.0.3",
      "resolved": "https://registry.npmjs.org/tiny-binary-search/-/tiny-binary-search-1.0.3.tgz",
      "integrity": "sha512-STSHX/L5nI9WTLv6wrzJbAPbO7OIISX83KFBh2GVbX1Uz/vgZOU/ANn/8iV6t35yMTpoPzzO+3OQid3mifE0CA==",
      "license": "Apache-2.0"
    },
    "node_modules/tinyqueue": {
      "version": "3.0.0",
      "resolved": "https://registry.npmjs.org/tinyqueue/-/tinyqueue-3.0.0.tgz",
      "integrity": "sha512-gRa9gwYU3ECmQYv3lslts5hxuIa90veaEcxDYuu3QGOIAEM2mOZkVHp48ANJuu1CURtRdHKUBY5Lm1tHV+sD4g==",
      "license": "ISC"
    },
    "node_modules/typescript": {
      "version": "5.9.3",
      "resolved": "https://registry.npmjs.org/typescript/-/typescript-5.9.3.tgz",
      "integrity": "sha512-jl1vZzPDinLr9eUt3J/t7V6FgNEw9QjvBPdysz9KfQDD41fQrC2Y4vKQdiaUpFT4bXlb1RHhLpp8wtm6M5TgSw==",
      "dev": true,
      "license": "Apache-2.0",
      "bin": {
        "tsc": "bin/tsc",
        "tsserver": "bin/tsserver"
      },
      "engines": {
        "node": ">=14.17"
      }
    },
    "node_modules/undici-types": {
      "version": "6.21.0",
      "resolved": "https://registry.npmjs.org/undici-types/-/undici-types-6.21.0.tgz",
      "integrity": "sha512-iwDZqg0QAGrg9Rav5H4n0M64c3mkR59cJ6wQp+7C4nI0gsmExaedaYLNO44eT4AtBBwjbTiGPMlt2Md0T9H9JQ==",
      "dev": true,
      "license": "MIT"
    }
  }
}
